// !$*UTF8*$!
{
	archiveVersion = 1;
	classes = {
	};
	objectVersion = 55;
	objects = {

/* Begin PBXBuildFile section */
		1232578B284C5EA2002E0057 /* 🎚️BodyMassStepper.swift in Sources */ = {isa = PBXBuildFile; fileRef = 1232578A284C5EA2002E0057 /* 🎚️BodyMassStepper.swift */; };
		124C485F284863BA0085B066 /* 📱AppModel.swift in Sources */ = {isa = PBXBuildFile; fileRef = 124C485E284863BA0085B066 /* 📱AppModel.swift */; };
		12579D162835FE8900536547 /* 🗯ResultView.swift in Sources */ = {isa = PBXBuildFile; fileRef = 12579D152835FE8900536547 /* 🗯ResultView.swift */; };
		12630BC32849CD33005F922F /* 🛠AppMenu.swift in Sources */ = {isa = PBXBuildFile; fileRef = 12630BC22849CD33005F922F /* 🛠AppMenu.swift */; };
		126B3EAB282DFEDF009BD28B /* App.swift in Sources */ = {isa = PBXBuildFile; fileRef = 126B3EAA282DFEDF009BD28B /* App.swift */; };
		126B3EAD282DFEDF009BD28B /* ContentView.swift in Sources */ = {isa = PBXBuildFile; fileRef = 126B3EAC282DFEDF009BD28B /* ContentView.swift */; };
		126B3EAF282DFEE0009BD28B /* Assets.xcassets in Resources */ = {isa = PBXBuildFile; fileRef = 126B3EAE282DFEE0009BD28B /* Assets.xcassets */; };
		126B3EBB282E001E009BD28B /* HealthKit.framework in Frameworks */ = {isa = PBXBuildFile; fileRef = 126B3EBA282E001E009BD28B /* HealthKit.framework */; };
		126B3ECE282E15E5009BD28B /* InfoPlist.strings in Resources */ = {isa = PBXBuildFile; fileRef = 126B3ED0282E15E5009BD28B /* InfoPlist.strings */; };
		1299C3B9288D77270086522B /* Launch Screen.storyboard in Resources */ = {isa = PBXBuildFile; fileRef = 1299C3B8288D77270086522B /* Launch Screen.storyboard */; };
		12BA83CE28606047009E7E3F /* StoreKit.framework in Frameworks */ = {isa = PBXBuildFile; fileRef = 12BA83CD28606047009E7E3F /* StoreKit.framework */; };
		F50961F22AA4B1A8005B5CAB /* 🚨ErrorMessage.swift in Sources */ = {isa = PBXBuildFile; fileRef = F50961F12AA4B1A8005B5CAB /* 🚨ErrorMessage.swift */; };
		F50961F42AA4B1CE005B5CAB /* 🔐AuthManager.swift in Sources */ = {isa = PBXBuildFile; fileRef = F50961F32AA4B1CE005B5CAB /* 🔐AuthManager.swift */; };
		F50961F62AA4B206005B5CAB /* 🗯ResultView.swift in Sources */ = {isa = PBXBuildFile; fileRef = F50961F52AA4B206005B5CAB /* 🗯ResultView.swift */; };
		F50961F92AA4B26E005B5CAB /* 🏥CheckEarliestPermittedSampleDateView.swift in Sources */ = {isa = PBXBuildFile; fileRef = F50961F82AA4B26E005B5CAB /* 🏥CheckEarliestPermittedSampleDateView.swift */; };
		F50961FB2AA4B290005B5CAB /* 🚨ErrorAlert.swift in Sources */ = {isa = PBXBuildFile; fileRef = F50961FA2AA4B290005B5CAB /* 🚨ErrorAlert.swift */; };
		F50961FD2AA4B340005B5CAB /* 🚨Error.swift in Sources */ = {isa = PBXBuildFile; fileRef = F50961FC2AA4B340005B5CAB /* 🚨Error.swift */; };
		F50961FE2AA4B340005B5CAB /* 🚨Error.swift in Sources */ = {isa = PBXBuildFile; fileRef = F50961FC2AA4B340005B5CAB /* 🚨Error.swift */; };
		F50962002AA4B3F9005B5CAB /* 📉Difference.swift in Sources */ = {isa = PBXBuildFile; fileRef = F50961FF2AA4B3F8005B5CAB /* 📉Difference.swift */; };
		F50962012AA4B3F9005B5CAB /* 📉Difference.swift in Sources */ = {isa = PBXBuildFile; fileRef = F50961FF2AA4B3F8005B5CAB /* 📉Difference.swift */; };
		F50962032AA4B44A005B5CAB /* 🎚️StepperAction.swift in Sources */ = {isa = PBXBuildFile; fileRef = F50962022AA4B44A005B5CAB /* 🎚️StepperAction.swift */; };
		F50962042AA4B44A005B5CAB /* 🎚️StepperAction.swift in Sources */ = {isa = PBXBuildFile; fileRef = F50962022AA4B44A005B5CAB /* 🎚️StepperAction.swift */; };
		F50962062AA4B5BA005B5CAB /* 🎚️BodyMassStepper.swift in Sources */ = {isa = PBXBuildFile; fileRef = F50962052AA4B5BA005B5CAB /* 🎚️BodyMassStepper.swift */; };
		F50962082AA4B5DE005B5CAB /* 🎚️BodyFatStepper.swift in Sources */ = {isa = PBXBuildFile; fileRef = F50962072AA4B5DE005B5CAB /* 🎚️BodyFatStepper.swift */; };
		F509620A2AA4B5F7005B5CAB /* 🪧BMIView.swift in Sources */ = {isa = PBXBuildFile; fileRef = F50962092AA4B5F7005B5CAB /* 🪧BMIView.swift */; };
		F509620C2AA4B60E005B5CAB /* 🪧LBMView.swift in Sources */ = {isa = PBXBuildFile; fileRef = F509620B2AA4B60E005B5CAB /* 🪧LBMView.swift */; };
		F509620E2AA4B67A005B5CAB /* 🎚️BodyFatStepper.swift in Sources */ = {isa = PBXBuildFile; fileRef = F509620D2AA4B67A005B5CAB /* 🎚️BodyFatStepper.swift */; };
		F50962102AA4B806005B5CAB /* 🛠BMIMenu.swift in Sources */ = {isa = PBXBuildFile; fileRef = F509620F2AA4B806005B5CAB /* 🛠BMIMenu.swift */; };
		F50962122AA4B88F005B5CAB /* 🛠LBMMenu.swift in Sources */ = {isa = PBXBuildFile; fileRef = F50962112AA4B88F005B5CAB /* 🛠LBMMenu.swift */; };
		F50962142AA4B90F005B5CAB /* 🛠ReminderMenu.swift in Sources */ = {isa = PBXBuildFile; fileRef = F50962132AA4B90F005B5CAB /* 🛠ReminderMenu.swift */; };
		F50962182AA4BAB6005B5CAB /* 🌐AboutApp.xcstrings in Resources */ = {isa = PBXBuildFile; fileRef = F50962172AA4BAB6005B5CAB /* 🌐AboutApp.xcstrings */; };
		F509621A2AA4BAC4005B5CAB /* 🗒️StaticInfo.swift in Sources */ = {isa = PBXBuildFile; fileRef = F50962192AA4BAC4005B5CAB /* 🗒️StaticInfo.swift */; };
		F509621B2AA4BAC4005B5CAB /* 🗒️StaticInfo.swift in Sources */ = {isa = PBXBuildFile; fileRef = F50962192AA4BAC4005B5CAB /* 🗒️StaticInfo.swift */; };
		F509621E2AA4BAF3005B5CAB /* 📣ADModel.swift in Sources */ = {isa = PBXBuildFile; fileRef = F509621C2AA4BAF3005B5CAB /* 📣ADModel.swift */; };
		F509621F2AA4BAF3005B5CAB /* 🛒InAppPurchaseModel.swift in Sources */ = {isa = PBXBuildFile; fileRef = F509621D2AA4BAF3005B5CAB /* 🛒InAppPurchaseModel.swift */; };
		F50962212AA4BB69005B5CAB /* 📣ADComponents.swift in Sources */ = {isa = PBXBuildFile; fileRef = F50962202AA4BB69005B5CAB /* 📣ADComponents.swift */; };
		F50962232AA4BBC7005B5CAB /* 🛒InAppPurchaseView.swift in Sources */ = {isa = PBXBuildFile; fileRef = F50962222AA4BBC7005B5CAB /* 🛒InAppPurchaseView.swift */; };
		F50962272AA4BBF5005B5CAB /* 🌐AD&InAppPurchase.xcstrings in Resources */ = {isa = PBXBuildFile; fileRef = F50962242AA4BBF5005B5CAB /* 🌐AD&InAppPurchase.xcstrings */; };
		F50962282AA4BBF5005B5CAB /* 🌐ADAppName.xcstrings in Resources */ = {isa = PBXBuildFile; fileRef = F50962252AA4BBF5005B5CAB /* 🌐ADAppName.xcstrings */; };
		F50962292AA4BBF5005B5CAB /* 🌐ADAppDescription.xcstrings in Resources */ = {isa = PBXBuildFile; fileRef = F50962262AA4BBF5005B5CAB /* 🌐ADAppDescription.xcstrings */; };
		F509622B2AA4BDEC005B5CAB /* ℹ️AboutApp.swift in Sources */ = {isa = PBXBuildFile; fileRef = F509622A2AA4BDEC005B5CAB /* ℹ️AboutApp.swift */; };
		F509622D2AA4BEB0005B5CAB /* 🌐AppStoreDescription.xcstrings in Resources */ = {isa = PBXBuildFile; fileRef = F509622C2AA4BEB0005B5CAB /* 🌐AppStoreDescription.xcstrings */; };
		F509622F2AA4BEB0005B5CAB /* 🌐VersionHistory.xcstrings in Resources */ = {isa = PBXBuildFile; fileRef = F509622E2AA4BEB0005B5CAB /* 🌐VersionHistory.xcstrings */; };
		F50962312AA54860005B5CAB /* 🏥Category.swift in Sources */ = {isa = PBXBuildFile; fileRef = F50962302AA54860005B5CAB /* 🏥Category.swift */; };
		F50962322AA54860005B5CAB /* 🏥Category.swift in Sources */ = {isa = PBXBuildFile; fileRef = F50962302AA54860005B5CAB /* 🏥Category.swift */; };
		F50962392AA56CF2005B5CAB /* ℹ️AboutAppButton.swift in Sources */ = {isa = PBXBuildFile; fileRef = F50962382AA56CF2005B5CAB /* ℹ️AboutAppButton.swift */; };
		F509623B2AA56E56005B5CAB /* 📱AppModel.swift in CopyFiles */ = {isa = PBXBuildFile; fileRef = 124C485E284863BA0085B066 /* 📱AppModel.swift */; };
		F509623C2AA56E56005B5CAB /* 🏥HealthStore.swift in CopyFiles */ = {isa = PBXBuildFile; fileRef = F5E1697029B06ACC00EAFF73 /* 🏥HealthStore.swift */; };
		F509623D2AA56E56005B5CAB /* 🏥Category.swift in CopyFiles */ = {isa = PBXBuildFile; fileRef = F50962302AA54860005B5CAB /* 🏥Category.swift */; };
		F509623E2AA56E56005B5CAB /* 📉Difference.swift in CopyFiles */ = {isa = PBXBuildFile; fileRef = F50961FF2AA4B3F8005B5CAB /* 📉Difference.swift */; };
		F509623F2AA56E56005B5CAB /* 🎚️StepperAction.swift in CopyFiles */ = {isa = PBXBuildFile; fileRef = F50962022AA4B44A005B5CAB /* 🎚️StepperAction.swift */; };
		F50962402AA56E56005B5CAB /* 🚨Error.swift in CopyFiles */ = {isa = PBXBuildFile; fileRef = F50961FC2AA4B340005B5CAB /* 🚨Error.swift */; };
		F50962412AA56E56005B5CAB /* ⌚️WatchSync.swift in CopyFiles */ = {isa = PBXBuildFile; fileRef = F5E11EBC29BAE847004F73B2 /* ⌚️WatchSync.swift */; };
		F50962422AA56E56005B5CAB /* 💥Feedback.swift in CopyFiles */ = {isa = PBXBuildFile; fileRef = F5BBB56829B6113A00424A66 /* 💥Feedback.swift */; };
		F50962432AA56E56005B5CAB /* 🗒️StaticInfo.swift in CopyFiles */ = {isa = PBXBuildFile; fileRef = F50962192AA4BAC4005B5CAB /* 🗒️StaticInfo.swift */; };
		F50962442AA56E56005B5CAB /* App.swift in CopyFiles */ = {isa = PBXBuildFile; fileRef = F5BBB55429B60F5700424A66 /* App.swift */; };
		F50962452AA56E56005B5CAB /* ContentView.swift in CopyFiles */ = {isa = PBXBuildFile; fileRef = F5BBB55629B60F5700424A66 /* ContentView.swift */; };
		F50962462AA56E56005B5CAB /* 📱AppModel(extension).swift in CopyFiles */ = {isa = PBXBuildFile; fileRef = F5BBB56C29B6B14C00424A66 /* 📱AppModel(extension).swift */; };
		F50962472AA56E56005B5CAB /* 🎚️BodyMassStepper.swift in CopyFiles */ = {isa = PBXBuildFile; fileRef = F50962052AA4B5BA005B5CAB /* 🎚️BodyMassStepper.swift */; };
		F50962482AA56E56005B5CAB /* 🪧BMIView.swift in CopyFiles */ = {isa = PBXBuildFile; fileRef = F50962092AA4B5F7005B5CAB /* 🪧BMIView.swift */; };
		F50962492AA56E56005B5CAB /* 🎚️BodyFatStepper.swift in CopyFiles */ = {isa = PBXBuildFile; fileRef = F50962072AA4B5DE005B5CAB /* 🎚️BodyFatStepper.swift */; };
		F509624A2AA56E56005B5CAB /* 🪧LBMView.swift in CopyFiles */ = {isa = PBXBuildFile; fileRef = F509620B2AA4B60E005B5CAB /* 🪧LBMView.swift */; };
		F509624B2AA56E56005B5CAB /* 👆RegisterButton.swift in CopyFiles */ = {isa = PBXBuildFile; fileRef = F5BBB56F29B6F60100424A66 /* 👆RegisterButton.swift */; };
		F509624C2AA56E56005B5CAB /* 🗯ResultView.swift in CopyFiles */ = {isa = PBXBuildFile; fileRef = F50961F52AA4B206005B5CAB /* 🗯ResultView.swift */; };
		F509624D2AA56E56005B5CAB /* 🚨ErrorMessage.swift in CopyFiles */ = {isa = PBXBuildFile; fileRef = F50961F12AA4B1A8005B5CAB /* 🚨ErrorMessage.swift */; };
		F509624E2AA56E56005B5CAB /* 🚨ErrorAlert.swift in CopyFiles */ = {isa = PBXBuildFile; fileRef = F50961FA2AA4B290005B5CAB /* 🚨ErrorAlert.swift */; };
		F509624F2AA56E56005B5CAB /* 🔐AuthManager.swift in CopyFiles */ = {isa = PBXBuildFile; fileRef = F50961F32AA4B1CE005B5CAB /* 🔐AuthManager.swift */; };
		F50962502AA56E56005B5CAB /* ℹ️AboutAppButton.swift in CopyFiles */ = {isa = PBXBuildFile; fileRef = F50962382AA56CF2005B5CAB /* ℹ️AboutAppButton.swift */; };
		F50962512AA56E56005B5CAB /* ℹ️AboutApp.swift in CopyFiles */ = {isa = PBXBuildFile; fileRef = F509622A2AA4BDEC005B5CAB /* ℹ️AboutApp.swift */; };
		F50962522AA56E56005B5CAB /* 🏥CheckEarliestPermittedSampleDateView.swift in CopyFiles */ = {isa = PBXBuildFile; fileRef = F50961F82AA4B26E005B5CAB /* 🏥CheckEarliestPermittedSampleDateView.swift */; };
		F50962532AA56E56005B5CAB /* Widget.swift in CopyFiles */ = {isa = PBXBuildFile; fileRef = F5D19D8329B840020069A81E /* Widget.swift */; };
		F50962542AA56E77005B5CAB /* 🏥Category.swift in CopyFiles */ = {isa = PBXBuildFile; fileRef = F50962302AA54860005B5CAB /* 🏥Category.swift */; };
		F50962552AA56E77005B5CAB /* 📉Difference.swift in CopyFiles */ = {isa = PBXBuildFile; fileRef = F50961FF2AA4B3F8005B5CAB /* 📉Difference.swift */; };
		F50962562AA56E77005B5CAB /* 🎚️StepperAction.swift in CopyFiles */ = {isa = PBXBuildFile; fileRef = F50962022AA4B44A005B5CAB /* 🎚️StepperAction.swift */; };
		F50962572AA56E77005B5CAB /* 🚨Error.swift in CopyFiles */ = {isa = PBXBuildFile; fileRef = F50961FC2AA4B340005B5CAB /* 🚨Error.swift */; };
		F50962582AA56E77005B5CAB /* 🗒️StaticInfo.swift in CopyFiles */ = {isa = PBXBuildFile; fileRef = F50962192AA4BAC4005B5CAB /* 🗒️StaticInfo.swift */; };
		F50962592AA56E77005B5CAB /* 🎚️BodyFatStepper.swift in CopyFiles */ = {isa = PBXBuildFile; fileRef = F509620D2AA4B67A005B5CAB /* 🎚️BodyFatStepper.swift */; };
		F509625A2AA56E77005B5CAB /* 🛠BMIMenu.swift in CopyFiles */ = {isa = PBXBuildFile; fileRef = F509620F2AA4B806005B5CAB /* 🛠BMIMenu.swift */; };
		F509625B2AA56E77005B5CAB /* 🛠LBMMenu.swift in CopyFiles */ = {isa = PBXBuildFile; fileRef = F50962112AA4B88F005B5CAB /* 🛠LBMMenu.swift */; };
		F509625C2AA56E77005B5CAB /* 🛠ReminderMenu.swift in CopyFiles */ = {isa = PBXBuildFile; fileRef = F50962132AA4B90F005B5CAB /* 🛠ReminderMenu.swift */; };
		F509625D2AA56E77005B5CAB /* 📣ADComponents.swift in CopyFiles */ = {isa = PBXBuildFile; fileRef = F50962202AA4BB69005B5CAB /* 📣ADComponents.swift */; };
		F509625E2AA56E77005B5CAB /* 📣ADModel.swift in CopyFiles */ = {isa = PBXBuildFile; fileRef = F509621C2AA4BAF3005B5CAB /* 📣ADModel.swift */; };
		F509625F2AA56E77005B5CAB /* 🛒InAppPurchaseModel.swift in CopyFiles */ = {isa = PBXBuildFile; fileRef = F509621D2AA4BAF3005B5CAB /* 🛒InAppPurchaseModel.swift */; };
		F50962602AA56E77005B5CAB /* 🛒InAppPurchaseView.swift in CopyFiles */ = {isa = PBXBuildFile; fileRef = F50962222AA4BBC7005B5CAB /* 🛒InAppPurchaseView.swift */; };
		F50962612AA56E77005B5CAB /* Widget.swift in CopyFiles */ = {isa = PBXBuildFile; fileRef = F5D19D8329B840020069A81E /* Widget.swift */; };
		F50962672AA58129005B5CAB /* Localizable.xcstrings in Resources */ = {isa = PBXBuildFile; fileRef = F50962662AA58129005B5CAB /* Localizable.xcstrings */; };
		F50962682AA58129005B5CAB /* Localizable.xcstrings in Resources */ = {isa = PBXBuildFile; fileRef = F50962662AA58129005B5CAB /* Localizable.xcstrings */; };
		F50962692AA58129005B5CAB /* Localizable.xcstrings in Resources */ = {isa = PBXBuildFile; fileRef = F50962662AA58129005B5CAB /* Localizable.xcstrings */; };
		F509626F2AA588AB005B5CAB /* WidgetKit.framework in Frameworks */ = {isa = PBXBuildFile; fileRef = F5D19D7E29B840020069A81E /* WidgetKit.framework */; };
		F50962702AA588AB005B5CAB /* SwiftUI.framework in Frameworks */ = {isa = PBXBuildFile; fileRef = F5D19D8029B840020069A81E /* SwiftUI.framework */; };
		F50962772AA588AD005B5CAB /* Assets.xcassets in Resources */ = {isa = PBXBuildFile; fileRef = F50962762AA588AD005B5CAB /* Assets.xcassets */; };
		F509627B2AA588AD005B5CAB /* Widget for iOS.appex in Embed Foundation Extensions */ = {isa = PBXBuildFile; fileRef = F509626E2AA588AB005B5CAB /* Widget for iOS.appex */; settings = {ATTRIBUTES = (RemoveHeadersOnCopy, ); }; };
		F50962822AA589B4005B5CAB /* Widget.swift in Sources */ = {isa = PBXBuildFile; fileRef = F5D19D8329B840020069A81E /* Widget.swift */; };
		F50962842AA58ECB005B5CAB /* 🧩Layout.swift in Sources */ = {isa = PBXBuildFile; fileRef = F50962832AA58ECB005B5CAB /* 🧩Layout.swift */; };
		F50962862AA5952A005B5CAB /* 📋InputFields.swift in Sources */ = {isa = PBXBuildFile; fileRef = F50962852AA5952A005B5CAB /* 📋InputFields.swift */; };
		F50962882AA59F79005B5CAB /* 🚨UnsupportAlert.swift in Sources */ = {isa = PBXBuildFile; fileRef = F50962872AA59F79005B5CAB /* 🚨UnsupportAlert.swift */; };
		F509628A2AA59F89005B5CAB /* 🗑️ResetOnForeground.swift in Sources */ = {isa = PBXBuildFile; fileRef = F50962892AA59F88005B5CAB /* 🗑️ResetOnForeground.swift */; };
		F509628B2AA5A08A005B5CAB /* 📋InputFields.swift in CopyFiles */ = {isa = PBXBuildFile; fileRef = F50962852AA5952A005B5CAB /* 📋InputFields.swift */; };
		F509628C2AA5A08A005B5CAB /* 🧩Layout.swift in CopyFiles */ = {isa = PBXBuildFile; fileRef = F50962832AA58ECB005B5CAB /* 🧩Layout.swift */; };
		F509628D2AA5A08A005B5CAB /* 🗑️ResetOnForeground.swift in CopyFiles */ = {isa = PBXBuildFile; fileRef = F50962892AA59F88005B5CAB /* 🗑️ResetOnForeground.swift */; };
		F509628E2AA5A176005B5CAB /* InfoPlist.strings in Resources */ = {isa = PBXBuildFile; fileRef = 126B3ED0282E15E5009BD28B /* InfoPlist.strings */; };
		F535719329B1AFB80003FD2C /* 🚨ErrorAlert.swift in Sources */ = {isa = PBXBuildFile; fileRef = F535719229B1AFB70003FD2C /* 🚨ErrorAlert.swift */; };
		F535719429B1B9FF0003FD2C /* 🏥HealthStore.swift in CopyFiles */ = {isa = PBXBuildFile; fileRef = F5E1697029B06ACC00EAFF73 /* 🏥HealthStore.swift */; };
		F535719529B1B9FF0003FD2C /* 🚨ErrorAlert.swift in CopyFiles */ = {isa = PBXBuildFile; fileRef = F535719229B1AFB70003FD2C /* 🚨ErrorAlert.swift */; };
		F535AA7B29AD7BBE00691926 /* App.swift in CopyFiles */ = {isa = PBXBuildFile; fileRef = 126B3EAA282DFEDF009BD28B /* App.swift */; };
		F535AA7C29AD7BBE00691926 /* 📱AppModel.swift in CopyFiles */ = {isa = PBXBuildFile; fileRef = 124C485E284863BA0085B066 /* 📱AppModel.swift */; };
		F535AA7D29AD7BBE00691926 /* ContentView.swift in CopyFiles */ = {isa = PBXBuildFile; fileRef = 126B3EAC282DFEDF009BD28B /* ContentView.swift */; };
		F535AA7F29AD7BBE00691926 /* 🗯ResultView.swift in CopyFiles */ = {isa = PBXBuildFile; fileRef = 12579D152835FE8900536547 /* 🗯ResultView.swift */; };
		F535AA8029AD7BBE00691926 /* 🎚️BodyMassStepper.swift in CopyFiles */ = {isa = PBXBuildFile; fileRef = 1232578A284C5EA2002E0057 /* 🎚️BodyMassStepper.swift */; };
		F535AA8129AD7BBE00691926 /* 🛠AppMenu.swift in CopyFiles */ = {isa = PBXBuildFile; fileRef = 12630BC22849CD33005F922F /* 🛠AppMenu.swift */; };
		F535AA8429AD7BBE00691926 /* ℹ️AboutApp.swift in CopyFiles */ = {isa = PBXBuildFile; fileRef = F5E2EAA729415F3C0054A208 /* ℹ️AboutApp.swift */; };
		F535AA8929AD7EB800691926 /* 💬RequestUserReview.swift in Sources */ = {isa = PBXBuildFile; fileRef = F535AA8729AD7EB800691926 /* 💬RequestUserReview.swift */; };
		F535AA8A29AD7EB800691926 /* 📣ADSheet.swift in Sources */ = {isa = PBXBuildFile; fileRef = F535AA8829AD7EB800691926 /* 📣ADSheet.swift */; };
		F54292DB29B01C0200EFF085 /* 👆RegisterButton.swift in Sources */ = {isa = PBXBuildFile; fileRef = F54292DA29B01C0200EFF085 /* 👆RegisterButton.swift */; };
		F54292DD29B01C4700EFF085 /* 🪧BMIView.swift in Sources */ = {isa = PBXBuildFile; fileRef = F54292DC29B01C4700EFF085 /* 🪧BMIView.swift */; };
		F54292DF29B01CE300EFF085 /* 📅DatePicker.swift in Sources */ = {isa = PBXBuildFile; fileRef = F54292DE29B01CE300EFF085 /* 📅DatePicker.swift */; };
		F54292E129B01D3B00EFF085 /* 📉DifferenceView.swift in Sources */ = {isa = PBXBuildFile; fileRef = F54292E029B01D3B00EFF085 /* 📉DifferenceView.swift */; };
		F54292E329B01D8300EFF085 /* 💟OpenHealthAppButton.swift in Sources */ = {isa = PBXBuildFile; fileRef = F54292E229B01D8300EFF085 /* 💟OpenHealthAppButton.swift */; };
		F54292E429B01E2700EFF085 /* 📅DatePicker.swift in CopyFiles */ = {isa = PBXBuildFile; fileRef = F54292DE29B01CE300EFF085 /* 📅DatePicker.swift */; };
		F54292E529B01E2700EFF085 /* 👆RegisterButton.swift in CopyFiles */ = {isa = PBXBuildFile; fileRef = F54292DA29B01C0200EFF085 /* 👆RegisterButton.swift */; };
		F54292E629B01E2700EFF085 /* 🪧BMIView.swift in CopyFiles */ = {isa = PBXBuildFile; fileRef = F54292DC29B01C4700EFF085 /* 🪧BMIView.swift */; };
		F54292E729B01E2700EFF085 /* 📉DifferenceView.swift in CopyFiles */ = {isa = PBXBuildFile; fileRef = F54292E029B01D3B00EFF085 /* 📉DifferenceView.swift */; };
		F54292E829B01E2700EFF085 /* 💟OpenHealthAppButton.swift in CopyFiles */ = {isa = PBXBuildFile; fileRef = F54292E229B01D8300EFF085 /* 💟OpenHealthAppButton.swift */; };
		F54292E929B01E2700EFF085 /* 💬RequestUserReview.swift in CopyFiles */ = {isa = PBXBuildFile; fileRef = F535AA8729AD7EB800691926 /* 💬RequestUserReview.swift */; };
		F54292EA29B01E2700EFF085 /* 📣ADSheet.swift in CopyFiles */ = {isa = PBXBuildFile; fileRef = F535AA8829AD7EB800691926 /* 📣ADSheet.swift */; };
		F5A8E1CD29C545B100DE7E42 /* 🔐AuthManager.swift in Sources */ = {isa = PBXBuildFile; fileRef = F5A8E1CC29C545B100DE7E42 /* 🔐AuthManager.swift */; };
		F5A8E1CE29C5464A00DE7E42 /* 🔐AuthManager.swift in CopyFiles */ = {isa = PBXBuildFile; fileRef = F5A8E1CC29C545B100DE7E42 /* 🔐AuthManager.swift */; };
		F5BBB54A29B5F48C00424A66 /* 🪧LBMView.swift in CopyFiles */ = {isa = PBXBuildFile; fileRef = F5D8400829B1DDED0046E91B /* 🪧LBMView.swift */; };
		F5BBB54B29B5F48C00424A66 /* 🔔Notification.swift in CopyFiles */ = {isa = PBXBuildFile; fileRef = F5D8401529B45CF40046E91B /* 🔔Notification.swift */; };
		F5BBB55529B60F5700424A66 /* App.swift in Sources */ = {isa = PBXBuildFile; fileRef = F5BBB55429B60F5700424A66 /* App.swift */; };
		F5BBB55729B60F5700424A66 /* ContentView.swift in Sources */ = {isa = PBXBuildFile; fileRef = F5BBB55629B60F5700424A66 /* ContentView.swift */; };
		F5BBB55929B60F5900424A66 /* Assets.xcassets in Resources */ = {isa = PBXBuildFile; fileRef = F5BBB55829B60F5900424A66 /* Assets.xcassets */; };
		F5BBB56029B60F7900424A66 /* TapWeight.app in Embed Watch Content */ = {isa = PBXBuildFile; fileRef = F5BBB55229B60F5700424A66 /* TapWeight.app */; settings = {ATTRIBUTES = (RemoveHeadersOnCopy, ); }; };
		F5BBB56629B6108000424A66 /* 🏥HealthStore.swift in Sources */ = {isa = PBXBuildFile; fileRef = F5E1697029B06ACC00EAFF73 /* 🏥HealthStore.swift */; };
		F5BBB56929B6113A00424A66 /* 💥Feedback.swift in Sources */ = {isa = PBXBuildFile; fileRef = F5BBB56829B6113A00424A66 /* 💥Feedback.swift */; };
		F5BBB56A29B6113A00424A66 /* 💥Feedback.swift in Sources */ = {isa = PBXBuildFile; fileRef = F5BBB56829B6113A00424A66 /* 💥Feedback.swift */; };
		F5BBB56B29B6121C00424A66 /* 📱AppModel.swift in Sources */ = {isa = PBXBuildFile; fileRef = 124C485E284863BA0085B066 /* 📱AppModel.swift */; };
		F5BBB56E29B6B14C00424A66 /* 📱AppModel(extension).swift in Sources */ = {isa = PBXBuildFile; fileRef = F5BBB56C29B6B14C00424A66 /* 📱AppModel(extension).swift */; };
		F5BBB57129B6F60100424A66 /* 👆RegisterButton.swift in Sources */ = {isa = PBXBuildFile; fileRef = F5BBB56F29B6F60100424A66 /* 👆RegisterButton.swift */; };
		F5D19D4629B769900069A81E /* InfoPlist.strings in Resources */ = {isa = PBXBuildFile; fileRef = 126B3ED0282E15E5009BD28B /* InfoPlist.strings */; };
		F5D19D4829B83D180069A81E /* 💥Feedback.swift in CopyFiles */ = {isa = PBXBuildFile; fileRef = F5BBB56829B6113A00424A66 /* 💥Feedback.swift */; };
		F5D19D7F29B840020069A81E /* WidgetKit.framework in Frameworks */ = {isa = PBXBuildFile; fileRef = F5D19D7E29B840020069A81E /* WidgetKit.framework */; };
		F5D19D8129B840020069A81E /* SwiftUI.framework in Frameworks */ = {isa = PBXBuildFile; fileRef = F5D19D8029B840020069A81E /* SwiftUI.framework */; };
		F5D19D8429B840020069A81E /* Widget.swift in Sources */ = {isa = PBXBuildFile; fileRef = F5D19D8329B840020069A81E /* Widget.swift */; };
		F5D19D8629B840050069A81E /* Assets.xcassets in Resources */ = {isa = PBXBuildFile; fileRef = F5D19D8529B840050069A81E /* Assets.xcassets */; };
		F5D19D8A29B840050069A81E /* Widget for watchOS.appex in Embed Foundation Extensions */ = {isa = PBXBuildFile; fileRef = F5D19D7D29B840020069A81E /* Widget for watchOS.appex */; settings = {ATTRIBUTES = (RemoveHeadersOnCopy, ); }; };
		F5D19D9629B843CC0069A81E /* InfoPlist.strings in Resources */ = {isa = PBXBuildFile; fileRef = 126B3ED0282E15E5009BD28B /* InfoPlist.strings */; };
		F5D8400929B1DDED0046E91B /* 🪧LBMView.swift in Sources */ = {isa = PBXBuildFile; fileRef = F5D8400829B1DDED0046E91B /* 🪧LBMView.swift */; };
		F5D8401629B45CF40046E91B /* 🔔Notification.swift in Sources */ = {isa = PBXBuildFile; fileRef = F5D8401529B45CF40046E91B /* 🔔Notification.swift */; };
		F5DA2D1F29BAF076005DD72B /* ⌚️WatchSync.swift in CopyFiles */ = {isa = PBXBuildFile; fileRef = F5E11EBC29BAE847004F73B2 /* ⌚️WatchSync.swift */; };
		F5DA2D2029BAF076005DD72B /* 📱AppModel(extension).swift in CopyFiles */ = {isa = PBXBuildFile; fileRef = F5E11EBF29BAE8A2004F73B2 /* 📱AppModel(extension).swift */; };
		F5E11EBD29BAE847004F73B2 /* ⌚️WatchSync.swift in Sources */ = {isa = PBXBuildFile; fileRef = F5E11EBC29BAE847004F73B2 /* ⌚️WatchSync.swift */; };
		F5E11EBE29BAE847004F73B2 /* ⌚️WatchSync.swift in Sources */ = {isa = PBXBuildFile; fileRef = F5E11EBC29BAE847004F73B2 /* ⌚️WatchSync.swift */; };
		F5E11EC029BAE8A2004F73B2 /* 📱AppModel(extension).swift in Sources */ = {isa = PBXBuildFile; fileRef = F5E11EBF29BAE8A2004F73B2 /* 📱AppModel(extension).swift */; };
		F5E1697129B06ACC00EAFF73 /* 🏥HealthStore.swift in Sources */ = {isa = PBXBuildFile; fileRef = F5E1697029B06ACC00EAFF73 /* 🏥HealthStore.swift */; };
		F5E2EAAA29415F3D0054A208 /* ℹ️AboutApp.swift in Sources */ = {isa = PBXBuildFile; fileRef = F5E2EAA729415F3C0054A208 /* ℹ️AboutApp.swift */; };
		F5F6901629416A8200765505 /* Configuration.storekit in Resources */ = {isa = PBXBuildFile; fileRef = F5F6901529416A8200765505 /* Configuration.storekit */; };
/* End PBXBuildFile section */

/* Begin PBXContainerItemProxy section */
		F50962792AA588AD005B5CAB /* PBXContainerItemProxy */ = {
			isa = PBXContainerItemProxy;
			containerPortal = 126B3E9F282DFEDF009BD28B /* Project object */;
			proxyType = 1;
			remoteGlobalIDString = F509626D2AA588AB005B5CAB;
			remoteInfo = WidgetForIOSExtension;
		};
		F5BBB56129B60F7900424A66 /* PBXContainerItemProxy */ = {
			isa = PBXContainerItemProxy;
			containerPortal = 126B3E9F282DFEDF009BD28B /* Project object */;
			proxyType = 1;
			remoteGlobalIDString = F5BBB55129B60F5700424A66;
			remoteInfo = "TW Watch App";
		};
		F5D19D8829B840050069A81E /* PBXContainerItemProxy */ = {
			isa = PBXContainerItemProxy;
			containerPortal = 126B3E9F282DFEDF009BD28B /* Project object */;
			proxyType = 1;
			remoteGlobalIDString = F5D19D7C29B840020069A81E;
			remoteInfo = "TW Watch WidgetExtension";
		};
/* End PBXContainerItemProxy section */

/* Begin PBXCopyFilesBuildPhase section */
		F509623A2AA56E37005B5CAB /* CopyFiles */ = {
			isa = PBXCopyFilesBuildPhase;
			buildActionMask = 2147483647;
			dstPath = "📁SourceCode";
			dstSubfolderSpec = 7;
			files = (
				F509623B2AA56E56005B5CAB /* 📱AppModel.swift in CopyFiles */,
				F509623C2AA56E56005B5CAB /* 🏥HealthStore.swift in CopyFiles */,
				F509623D2AA56E56005B5CAB /* 🏥Category.swift in CopyFiles */,
				F509623E2AA56E56005B5CAB /* 📉Difference.swift in CopyFiles */,
				F509623F2AA56E56005B5CAB /* 🎚️StepperAction.swift in CopyFiles */,
				F50962402AA56E56005B5CAB /* 🚨Error.swift in CopyFiles */,
				F50962412AA56E56005B5CAB /* ⌚️WatchSync.swift in CopyFiles */,
				F50962422AA56E56005B5CAB /* 💥Feedback.swift in CopyFiles */,
				F50962432AA56E56005B5CAB /* 🗒️StaticInfo.swift in CopyFiles */,
				F50962442AA56E56005B5CAB /* App.swift in CopyFiles */,
				F50962452AA56E56005B5CAB /* ContentView.swift in CopyFiles */,
				F50962462AA56E56005B5CAB /* 📱AppModel(extension).swift in CopyFiles */,
				F50962472AA56E56005B5CAB /* 🎚️BodyMassStepper.swift in CopyFiles */,
				F50962482AA56E56005B5CAB /* 🪧BMIView.swift in CopyFiles */,
				F50962492AA56E56005B5CAB /* 🎚️BodyFatStepper.swift in CopyFiles */,
				F509624A2AA56E56005B5CAB /* 🪧LBMView.swift in CopyFiles */,
				F509624B2AA56E56005B5CAB /* 👆RegisterButton.swift in CopyFiles */,
				F509624C2AA56E56005B5CAB /* 🗯ResultView.swift in CopyFiles */,
				F509624D2AA56E56005B5CAB /* 🚨ErrorMessage.swift in CopyFiles */,
				F509624E2AA56E56005B5CAB /* 🚨ErrorAlert.swift in CopyFiles */,
				F509624F2AA56E56005B5CAB /* 🔐AuthManager.swift in CopyFiles */,
				F50962502AA56E56005B5CAB /* ℹ️AboutAppButton.swift in CopyFiles */,
				F50962512AA56E56005B5CAB /* ℹ️AboutApp.swift in CopyFiles */,
				F50962522AA56E56005B5CAB /* 🏥CheckEarliestPermittedSampleDateView.swift in CopyFiles */,
				F50962532AA56E56005B5CAB /* Widget.swift in CopyFiles */,
			);
			runOnlyForDeploymentPostprocessing = 0;
		};
		F509627F2AA588AE005B5CAB /* Embed Foundation Extensions */ = {
			isa = PBXCopyFilesBuildPhase;
			buildActionMask = 2147483647;
			dstPath = "";
			dstSubfolderSpec = 13;
			files = (
				F509627B2AA588AD005B5CAB /* Widget for iOS.appex in Embed Foundation Extensions */,
			);
			name = "Embed Foundation Extensions";
			runOnlyForDeploymentPostprocessing = 0;
		};
		F535AA7A29AD7BA600691926 /* CopyFiles */ = {
			isa = PBXCopyFilesBuildPhase;
			buildActionMask = 2147483647;
			dstPath = "📁SourceCode";
			dstSubfolderSpec = 7;
			files = (
				F509628B2AA5A08A005B5CAB /* 📋InputFields.swift in CopyFiles */,
				F509628C2AA5A08A005B5CAB /* 🧩Layout.swift in CopyFiles */,
				F509628D2AA5A08A005B5CAB /* 🗑️ResetOnForeground.swift in CopyFiles */,
				F50962542AA56E77005B5CAB /* 🏥Category.swift in CopyFiles */,
				F50962552AA56E77005B5CAB /* 📉Difference.swift in CopyFiles */,
				F50962562AA56E77005B5CAB /* 🎚️StepperAction.swift in CopyFiles */,
				F50962572AA56E77005B5CAB /* 🚨Error.swift in CopyFiles */,
				F50962582AA56E77005B5CAB /* 🗒️StaticInfo.swift in CopyFiles */,
				F50962592AA56E77005B5CAB /* 🎚️BodyFatStepper.swift in CopyFiles */,
				F509625A2AA56E77005B5CAB /* 🛠BMIMenu.swift in CopyFiles */,
				F509625B2AA56E77005B5CAB /* 🛠LBMMenu.swift in CopyFiles */,
				F509625C2AA56E77005B5CAB /* 🛠ReminderMenu.swift in CopyFiles */,
				F509625D2AA56E77005B5CAB /* 📣ADComponents.swift in CopyFiles */,
				F509625E2AA56E77005B5CAB /* 📣ADModel.swift in CopyFiles */,
				F509625F2AA56E77005B5CAB /* 🛒InAppPurchaseModel.swift in CopyFiles */,
				F50962602AA56E77005B5CAB /* 🛒InAppPurchaseView.swift in CopyFiles */,
				F50962612AA56E77005B5CAB /* Widget.swift in CopyFiles */,
				F5A8E1CE29C5464A00DE7E42 /* 🔐AuthManager.swift in CopyFiles */,
				F5DA2D1F29BAF076005DD72B /* ⌚️WatchSync.swift in CopyFiles */,
				F5DA2D2029BAF076005DD72B /* 📱AppModel(extension).swift in CopyFiles */,
				F5D19D4829B83D180069A81E /* 💥Feedback.swift in CopyFiles */,
				F5BBB54A29B5F48C00424A66 /* 🪧LBMView.swift in CopyFiles */,
				F5BBB54B29B5F48C00424A66 /* 🔔Notification.swift in CopyFiles */,
				F535719429B1B9FF0003FD2C /* 🏥HealthStore.swift in CopyFiles */,
				F535719529B1B9FF0003FD2C /* 🚨ErrorAlert.swift in CopyFiles */,
				F54292E429B01E2700EFF085 /* 📅DatePicker.swift in CopyFiles */,
				F54292E529B01E2700EFF085 /* 👆RegisterButton.swift in CopyFiles */,
				F54292E629B01E2700EFF085 /* 🪧BMIView.swift in CopyFiles */,
				F54292E729B01E2700EFF085 /* 📉DifferenceView.swift in CopyFiles */,
				F54292E829B01E2700EFF085 /* 💟OpenHealthAppButton.swift in CopyFiles */,
				F54292E929B01E2700EFF085 /* 💬RequestUserReview.swift in CopyFiles */,
				F54292EA29B01E2700EFF085 /* 📣ADSheet.swift in CopyFiles */,
				F535AA7B29AD7BBE00691926 /* App.swift in CopyFiles */,
				F535AA7C29AD7BBE00691926 /* 📱AppModel.swift in CopyFiles */,
				F535AA7D29AD7BBE00691926 /* ContentView.swift in CopyFiles */,
				F535AA7F29AD7BBE00691926 /* 🗯ResultView.swift in CopyFiles */,
				F535AA8029AD7BBE00691926 /* 🎚️BodyMassStepper.swift in CopyFiles */,
				F535AA8129AD7BBE00691926 /* 🛠AppMenu.swift in CopyFiles */,
				F535AA8429AD7BBE00691926 /* ℹ️AboutApp.swift in CopyFiles */,
			);
			runOnlyForDeploymentPostprocessing = 0;
		};
		F5BBB56329B60F7900424A66 /* Embed Watch Content */ = {
			isa = PBXCopyFilesBuildPhase;
			buildActionMask = 2147483647;
			dstPath = "$(CONTENTS_FOLDER_PATH)/Watch";
			dstSubfolderSpec = 16;
			files = (
				F5BBB56029B60F7900424A66 /* TapWeight.app in Embed Watch Content */,
			);
			name = "Embed Watch Content";
			runOnlyForDeploymentPostprocessing = 0;
		};
		F5D19D8B29B840050069A81E /* Embed Foundation Extensions */ = {
			isa = PBXCopyFilesBuildPhase;
			buildActionMask = 2147483647;
			dstPath = "";
			dstSubfolderSpec = 13;
			files = (
				F5D19D8A29B840050069A81E /* Widget for watchOS.appex in Embed Foundation Extensions */,
			);
			name = "Embed Foundation Extensions";
			runOnlyForDeploymentPostprocessing = 0;
		};
/* End PBXCopyFilesBuildPhase section */

/* Begin PBXFileReference section */
		1232578A284C5EA2002E0057 /* 🎚️BodyMassStepper.swift */ = {isa = PBXFileReference; lastKnownFileType = sourcecode.swift; path = "🎚️BodyMassStepper.swift"; sourceTree = "<group>"; };
		124C485E284863BA0085B066 /* 📱AppModel.swift */ = {isa = PBXFileReference; lastKnownFileType = sourcecode.swift; path = "📱AppModel.swift"; sourceTree = "<group>"; };
		12579D152835FE8900536547 /* 🗯ResultView.swift */ = {isa = PBXFileReference; lastKnownFileType = sourcecode.swift; path = "🗯ResultView.swift"; sourceTree = "<group>"; };
		125AFEDA282F2B6E00E3BC4A /* README.md */ = {isa = PBXFileReference; lastKnownFileType = net.daringfireball.markdown; path = README.md; sourceTree = "<group>"; };
		12630BC22849CD33005F922F /* 🛠AppMenu.swift */ = {isa = PBXFileReference; lastKnownFileType = sourcecode.swift; path = "🛠AppMenu.swift"; sourceTree = "<group>"; };
		126B3EA7282DFEDF009BD28B /* iOS.app */ = {isa = PBXFileReference; explicitFileType = wrapper.application; includeInIndex = 0; path = iOS.app; sourceTree = BUILT_PRODUCTS_DIR; };
		126B3EAA282DFEDF009BD28B /* App.swift */ = {isa = PBXFileReference; lastKnownFileType = sourcecode.swift; path = App.swift; sourceTree = "<group>"; };
		126B3EAC282DFEDF009BD28B /* ContentView.swift */ = {isa = PBXFileReference; lastKnownFileType = sourcecode.swift; path = ContentView.swift; sourceTree = "<group>"; };
		126B3EAE282DFEE0009BD28B /* Assets.xcassets */ = {isa = PBXFileReference; lastKnownFileType = folder.assetcatalog; path = Assets.xcassets; sourceTree = "<group>"; };
		126B3EB8282E001E009BD28B /* iOS.entitlements */ = {isa = PBXFileReference; lastKnownFileType = text.plist.entitlements; path = iOS.entitlements; sourceTree = "<group>"; };
		126B3EBA282E001E009BD28B /* HealthKit.framework */ = {isa = PBXFileReference; lastKnownFileType = wrapper.framework; name = HealthKit.framework; path = System/Library/Frameworks/HealthKit.framework; sourceTree = SDKROOT; };
		126B3ECF282E15E5009BD28B /* en */ = {isa = PBXFileReference; lastKnownFileType = text.plist.strings; name = en; path = en.lproj/InfoPlist.strings; sourceTree = "<group>"; };
		126B3ED1282E15E8009BD28B /* ja */ = {isa = PBXFileReference; lastKnownFileType = text.plist.strings; name = ja; path = ja.lproj/InfoPlist.strings; sourceTree = "<group>"; };
		1299C3B8288D77270086522B /* Launch Screen.storyboard */ = {isa = PBXFileReference; fileEncoding = 4; lastKnownFileType = file.storyboard; path = "Launch Screen.storyboard"; sourceTree = "<group>"; };
		129CBDF9284C93D300C73F4D /* zh-Hant */ = {isa = PBXFileReference; lastKnownFileType = text.plist.strings; name = "zh-Hant"; path = "zh-Hant.lproj/InfoPlist.strings"; sourceTree = "<group>"; };
		129CBDFD284C999000C73F4D /* zh-Hans */ = {isa = PBXFileReference; lastKnownFileType = text.plist.strings; name = "zh-Hans"; path = "zh-Hans.lproj/InfoPlist.strings"; sourceTree = "<group>"; };
		129CBDFF284C9C9300C73F4D /* ar */ = {isa = PBXFileReference; lastKnownFileType = text.plist.strings; name = ar; path = ar.lproj/InfoPlist.strings; sourceTree = "<group>"; };
		129CBE01284C9CA600C73F4D /* de */ = {isa = PBXFileReference; lastKnownFileType = text.plist.strings; name = de; path = de.lproj/InfoPlist.strings; sourceTree = "<group>"; };
		129CBE03284C9CAC00C73F4D /* fr */ = {isa = PBXFileReference; lastKnownFileType = text.plist.strings; name = fr; path = fr.lproj/InfoPlist.strings; sourceTree = "<group>"; };
		129CBE05284C9CB800C73F4D /* id */ = {isa = PBXFileReference; lastKnownFileType = text.plist.strings; name = id; path = id.lproj/InfoPlist.strings; sourceTree = "<group>"; };
		129CBE07284C9CBE00C73F4D /* ko */ = {isa = PBXFileReference; lastKnownFileType = text.plist.strings; name = ko; path = ko.lproj/InfoPlist.strings; sourceTree = "<group>"; };
		129CBE09284C9CC700C73F4D /* ru */ = {isa = PBXFileReference; lastKnownFileType = text.plist.strings; name = ru; path = ru.lproj/InfoPlist.strings; sourceTree = "<group>"; };
		129CBE0B284C9D5200C73F4D /* pt-BR */ = {isa = PBXFileReference; lastKnownFileType = text.plist.strings; name = "pt-BR"; path = "pt-BR.lproj/InfoPlist.strings"; sourceTree = "<group>"; };
		129CBE0D284C9D5800C73F4D /* pt-PT */ = {isa = PBXFileReference; lastKnownFileType = text.plist.strings; name = "pt-PT"; path = "pt-PT.lproj/InfoPlist.strings"; sourceTree = "<group>"; };
		129CBE0F284C9D7600C73F4D /* es */ = {isa = PBXFileReference; lastKnownFileType = text.plist.strings; name = es; path = es.lproj/InfoPlist.strings; sourceTree = "<group>"; };
		129CBE11284C9D7C00C73F4D /* es-419 */ = {isa = PBXFileReference; lastKnownFileType = text.plist.strings; name = "es-419"; path = "es-419.lproj/InfoPlist.strings"; sourceTree = "<group>"; };
		12AF80E0288ECA8F0047324A /* uk */ = {isa = PBXFileReference; lastKnownFileType = text.plist.strings; name = uk; path = uk.lproj/InfoPlist.strings; sourceTree = "<group>"; };
		12BA83CD28606047009E7E3F /* StoreKit.framework */ = {isa = PBXFileReference; lastKnownFileType = wrapper.framework; name = StoreKit.framework; path = System/Library/Frameworks/StoreKit.framework; sourceTree = SDKROOT; };
		F50961F12AA4B1A8005B5CAB /* 🚨ErrorMessage.swift */ = {isa = PBXFileReference; lastKnownFileType = sourcecode.swift; path = "🚨ErrorMessage.swift"; sourceTree = "<group>"; };
		F50961F32AA4B1CE005B5CAB /* 🔐AuthManager.swift */ = {isa = PBXFileReference; lastKnownFileType = sourcecode.swift; path = "🔐AuthManager.swift"; sourceTree = "<group>"; };
		F50961F52AA4B206005B5CAB /* 🗯ResultView.swift */ = {isa = PBXFileReference; lastKnownFileType = sourcecode.swift; path = "🗯ResultView.swift"; sourceTree = "<group>"; };
		F50961F82AA4B26E005B5CAB /* 🏥CheckEarliestPermittedSampleDateView.swift */ = {isa = PBXFileReference; lastKnownFileType = sourcecode.swift; path = "🏥CheckEarliestPermittedSampleDateView.swift"; sourceTree = "<group>"; };
		F50961FA2AA4B290005B5CAB /* 🚨ErrorAlert.swift */ = {isa = PBXFileReference; lastKnownFileType = sourcecode.swift; path = "🚨ErrorAlert.swift"; sourceTree = "<group>"; };
		F50961FC2AA4B340005B5CAB /* 🚨Error.swift */ = {isa = PBXFileReference; lastKnownFileType = sourcecode.swift; path = "🚨Error.swift"; sourceTree = "<group>"; };
		F50961FF2AA4B3F8005B5CAB /* 📉Difference.swift */ = {isa = PBXFileReference; lastKnownFileType = sourcecode.swift; path = "📉Difference.swift"; sourceTree = "<group>"; };
		F50962022AA4B44A005B5CAB /* 🎚️StepperAction.swift */ = {isa = PBXFileReference; lastKnownFileType = sourcecode.swift; path = "🎚️StepperAction.swift"; sourceTree = "<group>"; };
		F50962052AA4B5BA005B5CAB /* 🎚️BodyMassStepper.swift */ = {isa = PBXFileReference; lastKnownFileType = sourcecode.swift; path = "🎚️BodyMassStepper.swift"; sourceTree = "<group>"; };
		F50962072AA4B5DE005B5CAB /* 🎚️BodyFatStepper.swift */ = {isa = PBXFileReference; lastKnownFileType = sourcecode.swift; path = "🎚️BodyFatStepper.swift"; sourceTree = "<group>"; };
		F50962092AA4B5F7005B5CAB /* 🪧BMIView.swift */ = {isa = PBXFileReference; lastKnownFileType = sourcecode.swift; path = "🪧BMIView.swift"; sourceTree = "<group>"; };
		F509620B2AA4B60E005B5CAB /* 🪧LBMView.swift */ = {isa = PBXFileReference; lastKnownFileType = sourcecode.swift; path = "🪧LBMView.swift"; sourceTree = "<group>"; };
		F509620D2AA4B67A005B5CAB /* 🎚️BodyFatStepper.swift */ = {isa = PBXFileReference; lastKnownFileType = sourcecode.swift; path = "🎚️BodyFatStepper.swift"; sourceTree = "<group>"; };
		F509620F2AA4B806005B5CAB /* 🛠BMIMenu.swift */ = {isa = PBXFileReference; lastKnownFileType = sourcecode.swift; path = "🛠BMIMenu.swift"; sourceTree = "<group>"; };
		F50962112AA4B88F005B5CAB /* 🛠LBMMenu.swift */ = {isa = PBXFileReference; lastKnownFileType = sourcecode.swift; path = "🛠LBMMenu.swift"; sourceTree = "<group>"; };
		F50962132AA4B90F005B5CAB /* 🛠ReminderMenu.swift */ = {isa = PBXFileReference; lastKnownFileType = sourcecode.swift; path = "🛠ReminderMenu.swift"; sourceTree = "<group>"; };
		F50962172AA4BAB6005B5CAB /* 🌐AboutApp.xcstrings */ = {isa = PBXFileReference; fileEncoding = 4; lastKnownFileType = text.json.xcstrings; path = "🌐AboutApp.xcstrings"; sourceTree = "<group>"; };
		F50962192AA4BAC4005B5CAB /* 🗒️StaticInfo.swift */ = {isa = PBXFileReference; fileEncoding = 4; lastKnownFileType = sourcecode.swift; path = "🗒️StaticInfo.swift"; sourceTree = "<group>"; };
		F509621C2AA4BAF3005B5CAB /* 📣ADModel.swift */ = {isa = PBXFileReference; fileEncoding = 4; lastKnownFileType = sourcecode.swift; path = "📣ADModel.swift"; sourceTree = "<group>"; };
		F509621D2AA4BAF3005B5CAB /* 🛒InAppPurchaseModel.swift */ = {isa = PBXFileReference; fileEncoding = 4; lastKnownFileType = sourcecode.swift; path = "🛒InAppPurchaseModel.swift"; sourceTree = "<group>"; };
		F50962202AA4BB69005B5CAB /* 📣ADComponents.swift */ = {isa = PBXFileReference; fileEncoding = 4; lastKnownFileType = sourcecode.swift; path = "📣ADComponents.swift"; sourceTree = "<group>"; };
		F50962222AA4BBC7005B5CAB /* 🛒InAppPurchaseView.swift */ = {isa = PBXFileReference; fileEncoding = 4; lastKnownFileType = sourcecode.swift; path = "🛒InAppPurchaseView.swift"; sourceTree = "<group>"; };
		F50962242AA4BBF5005B5CAB /* 🌐AD&InAppPurchase.xcstrings */ = {isa = PBXFileReference; fileEncoding = 4; lastKnownFileType = text.json.xcstrings; path = "🌐AD&InAppPurchase.xcstrings"; sourceTree = "<group>"; };
		F50962252AA4BBF5005B5CAB /* 🌐ADAppName.xcstrings */ = {isa = PBXFileReference; fileEncoding = 4; lastKnownFileType = text.json.xcstrings; path = "🌐ADAppName.xcstrings"; sourceTree = "<group>"; };
		F50962262AA4BBF5005B5CAB /* 🌐ADAppDescription.xcstrings */ = {isa = PBXFileReference; fileEncoding = 4; lastKnownFileType = text.json.xcstrings; path = "🌐ADAppDescription.xcstrings"; sourceTree = "<group>"; };
		F509622A2AA4BDEC005B5CAB /* ℹ️AboutApp.swift */ = {isa = PBXFileReference; fileEncoding = 4; lastKnownFileType = sourcecode.swift; path = "ℹ️AboutApp.swift"; sourceTree = "<group>"; };
		F509622C2AA4BEB0005B5CAB /* 🌐AppStoreDescription.xcstrings */ = {isa = PBXFileReference; lastKnownFileType = text.json.xcstrings; path = "🌐AppStoreDescription.xcstrings"; sourceTree = "<group>"; };
		F509622E2AA4BEB0005B5CAB /* 🌐VersionHistory.xcstrings */ = {isa = PBXFileReference; lastKnownFileType = text.json.xcstrings; path = "🌐VersionHistory.xcstrings"; sourceTree = "<group>"; };
		F50962302AA54860005B5CAB /* 🏥Category.swift */ = {isa = PBXFileReference; lastKnownFileType = sourcecode.swift; path = "🏥Category.swift"; sourceTree = "<group>"; };
		F50962382AA56CF2005B5CAB /* ℹ️AboutAppButton.swift */ = {isa = PBXFileReference; lastKnownFileType = sourcecode.swift; path = "ℹ️AboutAppButton.swift"; sourceTree = "<group>"; };
		F50962662AA58129005B5CAB /* Localizable.xcstrings */ = {isa = PBXFileReference; lastKnownFileType = text.json.xcstrings; name = Localizable.xcstrings; path = "../🗄️Rest/Localizable.xcstrings"; sourceTree = "<group>"; };
		F509626E2AA588AB005B5CAB /* Widget for iOS.appex */ = {isa = PBXFileReference; explicitFileType = "wrapper.app-extension"; includeInIndex = 0; path = "Widget for iOS.appex"; sourceTree = BUILT_PRODUCTS_DIR; };
		F50962762AA588AD005B5CAB /* Assets.xcassets */ = {isa = PBXFileReference; lastKnownFileType = folder.assetcatalog; path = Assets.xcassets; sourceTree = "<group>"; };
		F50962782AA588AD005B5CAB /* Info.plist */ = {isa = PBXFileReference; lastKnownFileType = text.plist.xml; path = Info.plist; sourceTree = "<group>"; };
		F50962832AA58ECB005B5CAB /* 🧩Layout.swift */ = {isa = PBXFileReference; lastKnownFileType = sourcecode.swift; path = "🧩Layout.swift"; sourceTree = "<group>"; };
		F50962852AA5952A005B5CAB /* 📋InputFields.swift */ = {isa = PBXFileReference; lastKnownFileType = sourcecode.swift; path = "📋InputFields.swift"; sourceTree = "<group>"; };
		F50962872AA59F79005B5CAB /* 🚨UnsupportAlert.swift */ = {isa = PBXFileReference; fileEncoding = 4; lastKnownFileType = sourcecode.swift; path = "🚨UnsupportAlert.swift"; sourceTree = "<group>"; };
		F50962892AA59F88005B5CAB /* 🗑️ResetOnForeground.swift */ = {isa = PBXFileReference; fileEncoding = 4; lastKnownFileType = sourcecode.swift; path = "🗑️ResetOnForeground.swift"; sourceTree = "<group>"; };
		F535719229B1AFB70003FD2C /* 🚨ErrorAlert.swift */ = {isa = PBXFileReference; lastKnownFileType = sourcecode.swift; path = "🚨ErrorAlert.swift"; sourceTree = "<group>"; };
		F535AA8729AD7EB800691926 /* 💬RequestUserReview.swift */ = {isa = PBXFileReference; fileEncoding = 4; lastKnownFileType = sourcecode.swift; path = "💬RequestUserReview.swift"; sourceTree = "<group>"; };
		F535AA8829AD7EB800691926 /* 📣ADSheet.swift */ = {isa = PBXFileReference; fileEncoding = 4; lastKnownFileType = sourcecode.swift; path = "📣ADSheet.swift"; sourceTree = "<group>"; };
		F54292DA29B01C0200EFF085 /* 👆RegisterButton.swift */ = {isa = PBXFileReference; lastKnownFileType = sourcecode.swift; path = "👆RegisterButton.swift"; sourceTree = "<group>"; };
		F54292DC29B01C4700EFF085 /* 🪧BMIView.swift */ = {isa = PBXFileReference; lastKnownFileType = sourcecode.swift; path = "🪧BMIView.swift"; sourceTree = "<group>"; };
		F54292DE29B01CE300EFF085 /* 📅DatePicker.swift */ = {isa = PBXFileReference; lastKnownFileType = sourcecode.swift; path = "📅DatePicker.swift"; sourceTree = "<group>"; };
		F54292E029B01D3B00EFF085 /* 📉DifferenceView.swift */ = {isa = PBXFileReference; lastKnownFileType = sourcecode.swift; path = "📉DifferenceView.swift"; sourceTree = "<group>"; };
		F54292E229B01D8300EFF085 /* 💟OpenHealthAppButton.swift */ = {isa = PBXFileReference; lastKnownFileType = sourcecode.swift; path = "💟OpenHealthAppButton.swift"; sourceTree = "<group>"; };
		F5A8E1CC29C545B100DE7E42 /* 🔐AuthManager.swift */ = {isa = PBXFileReference; lastKnownFileType = sourcecode.swift; path = "🔐AuthManager.swift"; sourceTree = "<group>"; };
		F5AC7BE92941982A00490FF0 /* Info.plist */ = {isa = PBXFileReference; lastKnownFileType = text.plist.xml; path = Info.plist; sourceTree = "<group>"; };
		F5BBB55229B60F5700424A66 /* TapWeight.app */ = {isa = PBXFileReference; explicitFileType = wrapper.application; includeInIndex = 0; path = TapWeight.app; sourceTree = BUILT_PRODUCTS_DIR; };
		F5BBB55429B60F5700424A66 /* App.swift */ = {isa = PBXFileReference; lastKnownFileType = sourcecode.swift; path = App.swift; sourceTree = "<group>"; };
		F5BBB55629B60F5700424A66 /* ContentView.swift */ = {isa = PBXFileReference; lastKnownFileType = sourcecode.swift; path = ContentView.swift; sourceTree = "<group>"; };
		F5BBB55829B60F5900424A66 /* Assets.xcassets */ = {isa = PBXFileReference; lastKnownFileType = folder.assetcatalog; path = Assets.xcassets; sourceTree = "<group>"; };
		F5BBB56429B60F9500424A66 /* watchOS.entitlements */ = {isa = PBXFileReference; lastKnownFileType = text.plist.entitlements; path = watchOS.entitlements; sourceTree = "<group>"; };
		F5BBB56829B6113A00424A66 /* 💥Feedback.swift */ = {isa = PBXFileReference; fileEncoding = 4; lastKnownFileType = sourcecode.swift; path = "💥Feedback.swift"; sourceTree = "<group>"; };
		F5BBB56C29B6B14C00424A66 /* 📱AppModel(extension).swift */ = {isa = PBXFileReference; fileEncoding = 4; lastKnownFileType = sourcecode.swift; path = "📱AppModel(extension).swift"; sourceTree = "<group>"; };
		F5BBB56F29B6F60100424A66 /* 👆RegisterButton.swift */ = {isa = PBXFileReference; lastKnownFileType = sourcecode.swift; path = "👆RegisterButton.swift"; sourceTree = "<group>"; };
		F5D19D7D29B840020069A81E /* Widget for watchOS.appex */ = {isa = PBXFileReference; explicitFileType = "wrapper.app-extension"; includeInIndex = 0; path = "Widget for watchOS.appex"; sourceTree = BUILT_PRODUCTS_DIR; };
		F5D19D7E29B840020069A81E /* WidgetKit.framework */ = {isa = PBXFileReference; lastKnownFileType = wrapper.framework; name = WidgetKit.framework; path = System/Library/Frameworks/WidgetKit.framework; sourceTree = SDKROOT; };
		F5D19D8029B840020069A81E /* SwiftUI.framework */ = {isa = PBXFileReference; lastKnownFileType = wrapper.framework; name = SwiftUI.framework; path = System/Library/Frameworks/SwiftUI.framework; sourceTree = SDKROOT; };
		F5D19D8329B840020069A81E /* Widget.swift */ = {isa = PBXFileReference; lastKnownFileType = sourcecode.swift; path = Widget.swift; sourceTree = "<group>"; };
		F5D19D8529B840050069A81E /* Assets.xcassets */ = {isa = PBXFileReference; lastKnownFileType = folder.assetcatalog; path = Assets.xcassets; sourceTree = "<group>"; };
		F5D19D8729B840050069A81E /* Info.plist */ = {isa = PBXFileReference; lastKnownFileType = text.plist.xml; path = Info.plist; sourceTree = "<group>"; };
		F5D8400829B1DDED0046E91B /* 🪧LBMView.swift */ = {isa = PBXFileReference; lastKnownFileType = sourcecode.swift; path = "🪧LBMView.swift"; sourceTree = "<group>"; };
		F5D8401529B45CF40046E91B /* 🔔Notification.swift */ = {isa = PBXFileReference; lastKnownFileType = sourcecode.swift; path = "🔔Notification.swift"; sourceTree = "<group>"; };
		F5E11EBC29BAE847004F73B2 /* ⌚️WatchSync.swift */ = {isa = PBXFileReference; lastKnownFileType = sourcecode.swift; path = "⌚️WatchSync.swift"; sourceTree = "<group>"; };
		F5E11EBF29BAE8A2004F73B2 /* 📱AppModel(extension).swift */ = {isa = PBXFileReference; lastKnownFileType = sourcecode.swift; path = "📱AppModel(extension).swift"; sourceTree = "<group>"; };
		F5E1697029B06ACC00EAFF73 /* 🏥HealthStore.swift */ = {isa = PBXFileReference; lastKnownFileType = sourcecode.swift; path = "🏥HealthStore.swift"; sourceTree = "<group>"; };
		F5E2EAA729415F3C0054A208 /* ℹ️AboutApp.swift */ = {isa = PBXFileReference; fileEncoding = 4; lastKnownFileType = sourcecode.swift; path = "ℹ️AboutApp.swift"; sourceTree = "<group>"; };
		F5F6901529416A8200765505 /* Configuration.storekit */ = {isa = PBXFileReference; fileEncoding = 4; lastKnownFileType = text; path = Configuration.storekit; sourceTree = "<group>"; };
/* End PBXFileReference section */

/* Begin PBXFrameworksBuildPhase section */
		126B3EA4282DFEDF009BD28B /* Frameworks */ = {
			isa = PBXFrameworksBuildPhase;
			buildActionMask = 2147483647;
			files = (
				126B3EBB282E001E009BD28B /* HealthKit.framework in Frameworks */,
				12BA83CE28606047009E7E3F /* StoreKit.framework in Frameworks */,
			);
			runOnlyForDeploymentPostprocessing = 0;
		};
		F509626B2AA588AB005B5CAB /* Frameworks */ = {
			isa = PBXFrameworksBuildPhase;
			buildActionMask = 2147483647;
			files = (
				F50962702AA588AB005B5CAB /* SwiftUI.framework in Frameworks */,
				F509626F2AA588AB005B5CAB /* WidgetKit.framework in Frameworks */,
			);
			runOnlyForDeploymentPostprocessing = 0;
		};
		F5BBB54F29B60F5700424A66 /* Frameworks */ = {
			isa = PBXFrameworksBuildPhase;
			buildActionMask = 2147483647;
			files = (
			);
			runOnlyForDeploymentPostprocessing = 0;
		};
		F5D19D7A29B840020069A81E /* Frameworks */ = {
			isa = PBXFrameworksBuildPhase;
			buildActionMask = 2147483647;
			files = (
				F5D19D8129B840020069A81E /* SwiftUI.framework in Frameworks */,
				F5D19D7F29B840020069A81E /* WidgetKit.framework in Frameworks */,
			);
			runOnlyForDeploymentPostprocessing = 0;
		};
/* End PBXFrameworksBuildPhase section */

/* Begin PBXGroup section */
		12325789284C5E79002E0057 /* 🗄️Rest */ = {
			isa = PBXGroup;
			children = (
				F54292DE29B01CE300EFF085 /* 📅DatePicker.swift */,
				F54292E029B01D3B00EFF085 /* 📉DifferenceView.swift */,
				12630BC22849CD33005F922F /* 🛠AppMenu.swift */,
				F509620F2AA4B806005B5CAB /* 🛠BMIMenu.swift */,
				F50962112AA4B88F005B5CAB /* 🛠LBMMenu.swift */,
				F50962132AA4B90F005B5CAB /* 🛠ReminderMenu.swift */,
				F50962832AA58ECB005B5CAB /* 🧩Layout.swift */,
				F535719229B1AFB70003FD2C /* 🚨ErrorAlert.swift */,
				F54292E229B01D8300EFF085 /* 💟OpenHealthAppButton.swift */,
				F50962892AA59F88005B5CAB /* 🗑️ResetOnForeground.swift */,
				F5A8E1CC29C545B100DE7E42 /* 🔐AuthManager.swift */,
				F5D8401529B45CF40046E91B /* 🔔Notification.swift */,
				F50962872AA59F79005B5CAB /* 🚨UnsupportAlert.swift */,
				F535AA8729AD7EB800691926 /* 💬RequestUserReview.swift */,
				F5E2EAA729415F3C0054A208 /* ℹ️AboutApp.swift */,
				F535AA8829AD7EB800691926 /* 📣ADSheet.swift */,
				F50962202AA4BB69005B5CAB /* 📣ADComponents.swift */,
				F509621C2AA4BAF3005B5CAB /* 📣ADModel.swift */,
				F509621D2AA4BAF3005B5CAB /* 🛒InAppPurchaseModel.swift */,
				F50962222AA4BBC7005B5CAB /* 🛒InAppPurchaseView.swift */,
			);
			path = "🗄️Rest";
			sourceTree = "<group>";
		};
		126B3E9E282DFEDF009BD28B = {
			isa = PBXGroup;
			children = (
				125AFEDA282F2B6E00E3BC4A /* README.md */,
				F5BBB54D29B60F3E00424A66 /* Shared */,
				126B3EA9282DFEDF009BD28B /* iOS */,
				F5BBB55329B60F5700424A66 /* watchOS */,
				F5D19D8229B840020069A81E /* Widget */,
				126B3EA8282DFEDF009BD28B /* Products */,
				126B3EB9282E001E009BD28B /* Frameworks */,
			);
			sourceTree = "<group>";
		};
		126B3EA8282DFEDF009BD28B /* Products */ = {
			isa = PBXGroup;
			children = (
				126B3EA7282DFEDF009BD28B /* iOS.app */,
				F5BBB55229B60F5700424A66 /* TapWeight.app */,
				F5D19D7D29B840020069A81E /* Widget for watchOS.appex */,
				F509626E2AA588AB005B5CAB /* Widget for iOS.appex */,
			);
			name = Products;
			sourceTree = "<group>";
		};
		126B3EA9282DFEDF009BD28B /* iOS */ = {
			isa = PBXGroup;
			children = (
				126B3EAA282DFEDF009BD28B /* App.swift */,
				126B3EAC282DFEDF009BD28B /* ContentView.swift */,
				F5E11EBF29BAE8A2004F73B2 /* 📱AppModel(extension).swift */,
				F50962852AA5952A005B5CAB /* 📋InputFields.swift */,
				1232578A284C5EA2002E0057 /* 🎚️BodyMassStepper.swift */,
				F54292DC29B01C4700EFF085 /* 🪧BMIView.swift */,
				F509620D2AA4B67A005B5CAB /* 🎚️BodyFatStepper.swift */,
				F5D8400829B1DDED0046E91B /* 🪧LBMView.swift */,
				F54292DA29B01C0200EFF085 /* 👆RegisterButton.swift */,
				12579D152835FE8900536547 /* 🗯ResultView.swift */,
				12325789284C5E79002E0057 /* 🗄️Rest */,
				F50961EE2AA4A52F005B5CAB /* 🧰SupportingFiles */,
			);
			path = iOS;
			sourceTree = "<group>";
		};
		126B3EB9282E001E009BD28B /* Frameworks */ = {
			isa = PBXGroup;
			children = (
				12BA83CD28606047009E7E3F /* StoreKit.framework */,
				126B3EBA282E001E009BD28B /* HealthKit.framework */,
				F5D19D7E29B840020069A81E /* WidgetKit.framework */,
				F5D19D8029B840020069A81E /* SwiftUI.framework */,
			);
			name = Frameworks;
			sourceTree = "<group>";
		};
		129CBE13284CAD2D00C73F4D /* 🌐Localization */ = {
			isa = PBXGroup;
			children = (
				F509622C2AA4BEB0005B5CAB /* 🌐AppStoreDescription.xcstrings */,
				F509622E2AA4BEB0005B5CAB /* 🌐VersionHistory.xcstrings */,
				F50962242AA4BBF5005B5CAB /* 🌐AD&InAppPurchase.xcstrings */,
				F50962262AA4BBF5005B5CAB /* 🌐ADAppDescription.xcstrings */,
				F50962252AA4BBF5005B5CAB /* 🌐ADAppName.xcstrings */,
			);
			path = "🌐Localization";
			sourceTree = "<group>";
		};
		F50961EE2AA4A52F005B5CAB /* 🧰SupportingFiles */ = {
			isa = PBXGroup;
			children = (
				126B3EAE282DFEE0009BD28B /* Assets.xcassets */,
				126B3EB8282E001E009BD28B /* iOS.entitlements */,
				F5AC7BE92941982A00490FF0 /* Info.plist */,
				F5F6901529416A8200765505 /* Configuration.storekit */,
				1299C3B8288D77270086522B /* Launch Screen.storyboard */,
				129CBE13284CAD2D00C73F4D /* 🌐Localization */,
			);
			path = "🧰SupportingFiles";
			sourceTree = "<group>";
		};
		F50961EF2AA4A58B005B5CAB /* 🧰SupportingFiles */ = {
			isa = PBXGroup;
			children = (
				F5BBB55829B60F5900424A66 /* Assets.xcassets */,
				F5BBB56429B60F9500424A66 /* watchOS.entitlements */,
			);
			path = "🧰SupportingFiles";
			sourceTree = "<group>";
		};
		F50961F02AA4B196005B5CAB /* 🗄️Rest */ = {
			isa = PBXGroup;
			children = (
				F50961F12AA4B1A8005B5CAB /* 🚨ErrorMessage.swift */,
				F50961FA2AA4B290005B5CAB /* 🚨ErrorAlert.swift */,
				F50961F32AA4B1CE005B5CAB /* 🔐AuthManager.swift */,
				F50962382AA56CF2005B5CAB /* ℹ️AboutAppButton.swift */,
				F509622A2AA4BDEC005B5CAB /* ℹ️AboutApp.swift */,
				F50961F72AA4B254005B5CAB /* 🚧Debug */,
			);
			path = "🗄️Rest";
			sourceTree = "<group>";
		};
		F50961F72AA4B254005B5CAB /* 🚧Debug */ = {
			isa = PBXGroup;
			children = (
				F50961F82AA4B26E005B5CAB /* 🏥CheckEarliestPermittedSampleDateView.swift */,
			);
			path = "🚧Debug";
			sourceTree = "<group>";
		};
		F50962152AA4BA90005B5CAB /* 🗄️Rest */ = {
			isa = PBXGroup;
			children = (
				F5BBB56829B6113A00424A66 /* 💥Feedback.swift */,
				F50962192AA4BAC4005B5CAB /* 🗒️StaticInfo.swift */,
			);
			path = "🗄️Rest";
			sourceTree = "<group>";
		};
		F50962162AA4BA95005B5CAB /* 🌐Localization */ = {
			isa = PBXGroup;
			children = (
				F50962662AA58129005B5CAB /* Localizable.xcstrings */,
				126B3ED0282E15E5009BD28B /* InfoPlist.strings */,
				F50962172AA4BAB6005B5CAB /* 🌐AboutApp.xcstrings */,
			);
			path = "🌐Localization";
			sourceTree = "<group>";
		};
		F50962802AA588C8005B5CAB /* watchOS */ = {
			isa = PBXGroup;
			children = (
				F5D19D8529B840050069A81E /* Assets.xcassets */,
				F5D19D8729B840050069A81E /* Info.plist */,
			);
			path = watchOS;
			sourceTree = "<group>";
		};
		F50962812AA588CF005B5CAB /* iOS */ = {
			isa = PBXGroup;
			children = (
				F50962762AA588AD005B5CAB /* Assets.xcassets */,
				F50962782AA588AD005B5CAB /* Info.plist */,
			);
			path = iOS;
			sourceTree = "<group>";
		};
		F5BBB54D29B60F3E00424A66 /* Shared */ = {
			isa = PBXGroup;
			children = (
				124C485E284863BA0085B066 /* 📱AppModel.swift */,
				F5E1697029B06ACC00EAFF73 /* 🏥HealthStore.swift */,
				F50962302AA54860005B5CAB /* 🏥Category.swift */,
				F50961FF2AA4B3F8005B5CAB /* 📉Difference.swift */,
				F50962022AA4B44A005B5CAB /* 🎚️StepperAction.swift */,
				F50961FC2AA4B340005B5CAB /* 🚨Error.swift */,
				F5E11EBC29BAE847004F73B2 /* ⌚️WatchSync.swift */,
				F50962152AA4BA90005B5CAB /* 🗄️Rest */,
				F50962162AA4BA95005B5CAB /* 🌐Localization */,
			);
			path = Shared;
			sourceTree = "<group>";
		};
		F5BBB55329B60F5700424A66 /* watchOS */ = {
			isa = PBXGroup;
			children = (
				F5BBB55429B60F5700424A66 /* App.swift */,
				F5BBB55629B60F5700424A66 /* ContentView.swift */,
				F5BBB56C29B6B14C00424A66 /* 📱AppModel(extension).swift */,
				F50962052AA4B5BA005B5CAB /* 🎚️BodyMassStepper.swift */,
				F50962092AA4B5F7005B5CAB /* 🪧BMIView.swift */,
				F50962072AA4B5DE005B5CAB /* 🎚️BodyFatStepper.swift */,
				F509620B2AA4B60E005B5CAB /* 🪧LBMView.swift */,
				F5BBB56F29B6F60100424A66 /* 👆RegisterButton.swift */,
				F50961F52AA4B206005B5CAB /* 🗯ResultView.swift */,
				F50961F02AA4B196005B5CAB /* 🗄️Rest */,
				F50961EF2AA4A58B005B5CAB /* 🧰SupportingFiles */,
			);
			path = watchOS;
			sourceTree = "<group>";
		};
		F5D19D8229B840020069A81E /* Widget */ = {
			isa = PBXGroup;
			children = (
				F5D19D8329B840020069A81E /* Widget.swift */,
				F50962812AA588CF005B5CAB /* iOS */,
				F50962802AA588C8005B5CAB /* watchOS */,
			);
			path = Widget;
			sourceTree = "<group>";
		};
/* End PBXGroup section */

/* Begin PBXNativeTarget section */
		126B3EA6282DFEDF009BD28B /* iOS */ = {
			isa = PBXNativeTarget;
			buildConfigurationList = 126B3EB5282DFEE0009BD28B /* Build configuration list for PBXNativeTarget "iOS" */;
			buildPhases = (
				126B3EA3282DFEDF009BD28B /* Sources */,
				126B3EA4282DFEDF009BD28B /* Frameworks */,
				126B3EA5282DFEDF009BD28B /* Resources */,
				F535AA7A29AD7BA600691926 /* CopyFiles */,
				F5BBB56329B60F7900424A66 /* Embed Watch Content */,
				F509627F2AA588AE005B5CAB /* Embed Foundation Extensions */,
			);
			buildRules = (
			);
			dependencies = (
				F5BBB56229B60F7900424A66 /* PBXTargetDependency */,
				F509627A2AA588AD005B5CAB /* PBXTargetDependency */,
			);
			name = iOS;
			productName = TapWeight;
			productReference = 126B3EA7282DFEDF009BD28B /* iOS.app */;
			productType = "com.apple.product-type.application";
		};
		F509626D2AA588AB005B5CAB /* Widget for iOS */ = {
			isa = PBXNativeTarget;
			buildConfigurationList = F509627C2AA588AE005B5CAB /* Build configuration list for PBXNativeTarget "Widget for iOS" */;
			buildPhases = (
				F509626A2AA588AB005B5CAB /* Sources */,
				F509626B2AA588AB005B5CAB /* Frameworks */,
				F509626C2AA588AB005B5CAB /* Resources */,
			);
			buildRules = (
			);
			dependencies = (
			);
			name = "Widget for iOS";
			productName = WidgetForIOSExtension;
			productReference = F509626E2AA588AB005B5CAB /* Widget for iOS.appex */;
			productType = "com.apple.product-type.app-extension";
		};
		F5BBB55129B60F5700424A66 /* watchOS */ = {
			isa = PBXNativeTarget;
			buildConfigurationList = F5BBB55D29B60F5900424A66 /* Build configuration list for PBXNativeTarget "watchOS" */;
			buildPhases = (
				F5BBB54E29B60F5700424A66 /* Sources */,
				F5BBB54F29B60F5700424A66 /* Frameworks */,
				F5BBB55029B60F5700424A66 /* Resources */,
				F5D19D8B29B840050069A81E /* Embed Foundation Extensions */,
				F509623A2AA56E37005B5CAB /* CopyFiles */,
			);
			buildRules = (
			);
			dependencies = (
				F5D19D8929B840050069A81E /* PBXTargetDependency */,
			);
			name = watchOS;
			productName = "TW Watch App";
			productReference = F5BBB55229B60F5700424A66 /* TapWeight.app */;
			productType = "com.apple.product-type.application";
		};
		F5D19D7C29B840020069A81E /* Widget for watchOS */ = {
			isa = PBXNativeTarget;
			buildConfigurationList = F5D19D8E29B840050069A81E /* Build configuration list for PBXNativeTarget "Widget for watchOS" */;
			buildPhases = (
				F5D19D7929B840020069A81E /* Sources */,
				F5D19D7A29B840020069A81E /* Frameworks */,
				F5D19D7B29B840020069A81E /* Resources */,
			);
			buildRules = (
			);
			dependencies = (
			);
			name = "Widget for watchOS";
			productName = "TW Watch WidgetExtension";
			productReference = F5D19D7D29B840020069A81E /* Widget for watchOS.appex */;
			productType = "com.apple.product-type.app-extension";
		};
/* End PBXNativeTarget section */

/* Begin PBXProject section */
		126B3E9F282DFEDF009BD28B /* Project object */ = {
			isa = PBXProject;
			attributes = {
				BuildIndependentTargetsInParallel = 1;
				LastSwiftUpdateCheck = 1500;
				LastUpgradeCheck = 1500;
				TargetAttributes = {
					126B3EA6282DFEDF009BD28B = {
						CreatedOnToolsVersion = 13.3;
					};
					F509626D2AA588AB005B5CAB = {
						CreatedOnToolsVersion = 15.0;
					};
					F5BBB55129B60F5700424A66 = {
						CreatedOnToolsVersion = 14.2;
					};
					F5D19D7C29B840020069A81E = {
						CreatedOnToolsVersion = 14.2;
					};
				};
			};
			buildConfigurationList = 126B3EA2282DFEDF009BD28B /* Build configuration list for PBXProject "TapWeight" */;
			compatibilityVersion = "Xcode 13.0";
			developmentRegion = en;
			hasScannedForEncodings = 0;
			knownRegions = (
				en,
				Base,
				ja,
				"zh-Hant",
				"zh-Hans",
				ar,
				de,
				fr,
				id,
				ko,
				ru,
				"pt-BR",
				"pt-PT",
				es,
				"es-419",
				uk,
			);
			mainGroup = 126B3E9E282DFEDF009BD28B;
			productRefGroup = 126B3EA8282DFEDF009BD28B /* Products */;
			projectDirPath = "";
			projectRoot = "";
			targets = (
				126B3EA6282DFEDF009BD28B /* iOS */,
				F5BBB55129B60F5700424A66 /* watchOS */,
				F509626D2AA588AB005B5CAB /* Widget for iOS */,
				F5D19D7C29B840020069A81E /* Widget for watchOS */,
			);
		};
/* End PBXProject section */

/* Begin PBXResourcesBuildPhase section */
		126B3EA5282DFEDF009BD28B /* Resources */ = {
			isa = PBXResourcesBuildPhase;
			buildActionMask = 2147483647;
			files = (
				F5F6901629416A8200765505 /* Configuration.storekit in Resources */,
				F50962282AA4BBF5005B5CAB /* 🌐ADAppName.xcstrings in Resources */,
				F50962672AA58129005B5CAB /* Localizable.xcstrings in Resources */,
				1299C3B9288D77270086522B /* Launch Screen.storyboard in Resources */,
				126B3ECE282E15E5009BD28B /* InfoPlist.strings in Resources */,
				F50962292AA4BBF5005B5CAB /* 🌐ADAppDescription.xcstrings in Resources */,
				F50962272AA4BBF5005B5CAB /* 🌐AD&InAppPurchase.xcstrings in Resources */,
				F509622D2AA4BEB0005B5CAB /* 🌐AppStoreDescription.xcstrings in Resources */,
				126B3EAF282DFEE0009BD28B /* Assets.xcassets in Resources */,
				F509622F2AA4BEB0005B5CAB /* 🌐VersionHistory.xcstrings in Resources */,
				F50962182AA4BAB6005B5CAB /* 🌐AboutApp.xcstrings in Resources */,
			);
			runOnlyForDeploymentPostprocessing = 0;
		};
		F509626C2AA588AB005B5CAB /* Resources */ = {
			isa = PBXResourcesBuildPhase;
			buildActionMask = 2147483647;
			files = (
				F50962772AA588AD005B5CAB /* Assets.xcassets in Resources */,
				F509628E2AA5A176005B5CAB /* InfoPlist.strings in Resources */,
			);
			runOnlyForDeploymentPostprocessing = 0;
		};
		F5BBB55029B60F5700424A66 /* Resources */ = {
			isa = PBXResourcesBuildPhase;
			buildActionMask = 2147483647;
			files = (
				F5D19D4629B769900069A81E /* InfoPlist.strings in Resources */,
				F50962682AA58129005B5CAB /* Localizable.xcstrings in Resources */,
				F5BBB55929B60F5900424A66 /* Assets.xcassets in Resources */,
			);
			runOnlyForDeploymentPostprocessing = 0;
		};
		F5D19D7B29B840020069A81E /* Resources */ = {
			isa = PBXResourcesBuildPhase;
			buildActionMask = 2147483647;
			files = (
				F5D19D8629B840050069A81E /* Assets.xcassets in Resources */,
				F5D19D9629B843CC0069A81E /* InfoPlist.strings in Resources */,
				F50962692AA58129005B5CAB /* Localizable.xcstrings in Resources */,
			);
			runOnlyForDeploymentPostprocessing = 0;
		};
/* End PBXResourcesBuildPhase section */

/* Begin PBXSourcesBuildPhase section */
		126B3EA3282DFEDF009BD28B /* Sources */ = {
			isa = PBXSourcesBuildPhase;
			buildActionMask = 2147483647;
			files = (
				126B3EAD282DFEDF009BD28B /* ContentView.swift in Sources */,
				F509621F2AA4BAF3005B5CAB /* 🛒InAppPurchaseModel.swift in Sources */,
				F50962842AA58ECB005B5CAB /* 🧩Layout.swift in Sources */,
				1232578B284C5EA2002E0057 /* 🎚️BodyMassStepper.swift in Sources */,
				F50961FD2AA4B340005B5CAB /* 🚨Error.swift in Sources */,
				124C485F284863BA0085B066 /* 📱AppModel.swift in Sources */,
				F535719329B1AFB80003FD2C /* 🚨ErrorAlert.swift in Sources */,
				F509621A2AA4BAC4005B5CAB /* 🗒️StaticInfo.swift in Sources */,
				F50962102AA4B806005B5CAB /* 🛠BMIMenu.swift in Sources */,
				F509620E2AA4B67A005B5CAB /* 🎚️BodyFatStepper.swift in Sources */,
				12579D162835FE8900536547 /* 🗯ResultView.swift in Sources */,
				F50962032AA4B44A005B5CAB /* 🎚️StepperAction.swift in Sources */,
				F5E11EC029BAE8A2004F73B2 /* 📱AppModel(extension).swift in Sources */,
				12630BC32849CD33005F922F /* 🛠AppMenu.swift in Sources */,
				F509621E2AA4BAF3005B5CAB /* 📣ADModel.swift in Sources */,
				F5E1697129B06ACC00EAFF73 /* 🏥HealthStore.swift in Sources */,
				F5E11EBD29BAE847004F73B2 /* ⌚️WatchSync.swift in Sources */,
				F54292DB29B01C0200EFF085 /* 👆RegisterButton.swift in Sources */,
				F509628A2AA59F89005B5CAB /* 🗑️ResetOnForeground.swift in Sources */,
				F5D8400929B1DDED0046E91B /* 🪧LBMView.swift in Sources */,
				F535AA8A29AD7EB800691926 /* 📣ADSheet.swift in Sources */,
				F54292DF29B01CE300EFF085 /* 📅DatePicker.swift in Sources */,
				126B3EAB282DFEDF009BD28B /* App.swift in Sources */,
				F5E2EAAA29415F3D0054A208 /* ℹ️AboutApp.swift in Sources */,
				F50962862AA5952A005B5CAB /* 📋InputFields.swift in Sources */,
				F50962122AA4B88F005B5CAB /* 🛠LBMMenu.swift in Sources */,
				F50962212AA4BB69005B5CAB /* 📣ADComponents.swift in Sources */,
				F50962142AA4B90F005B5CAB /* 🛠ReminderMenu.swift in Sources */,
				F54292E129B01D3B00EFF085 /* 📉DifferenceView.swift in Sources */,
				F5D8401629B45CF40046E91B /* 🔔Notification.swift in Sources */,
				F54292DD29B01C4700EFF085 /* 🪧BMIView.swift in Sources */,
				F5BBB56929B6113A00424A66 /* 💥Feedback.swift in Sources */,
				F54292E329B01D8300EFF085 /* 💟OpenHealthAppButton.swift in Sources */,
				F50962882AA59F79005B5CAB /* 🚨UnsupportAlert.swift in Sources */,
				F535AA8929AD7EB800691926 /* 💬RequestUserReview.swift in Sources */,
				F50962002AA4B3F9005B5CAB /* 📉Difference.swift in Sources */,
				F5A8E1CD29C545B100DE7E42 /* 🔐AuthManager.swift in Sources */,
				F50962232AA4BBC7005B5CAB /* 🛒InAppPurchaseView.swift in Sources */,
				F50962312AA54860005B5CAB /* 🏥Category.swift in Sources */,
			);
			runOnlyForDeploymentPostprocessing = 0;
		};
		F509626A2AA588AB005B5CAB /* Sources */ = {
			isa = PBXSourcesBuildPhase;
			buildActionMask = 2147483647;
			files = (
				F50962822AA589B4005B5CAB /* Widget.swift in Sources */,
			);
			runOnlyForDeploymentPostprocessing = 0;
		};
		F5BBB54E29B60F5700424A66 /* Sources */ = {
			isa = PBXSourcesBuildPhase;
			buildActionMask = 2147483647;
			files = (
				F50961FB2AA4B290005B5CAB /* 🚨ErrorAlert.swift in Sources */,
				F50962392AA56CF2005B5CAB /* ℹ️AboutAppButton.swift in Sources */,
				F50961F92AA4B26E005B5CAB /* 🏥CheckEarliestPermittedSampleDateView.swift in Sources */,
				F5E11EBE29BAE847004F73B2 /* ⌚️WatchSync.swift in Sources */,
				F509621B2AA4BAC4005B5CAB /* 🗒️StaticInfo.swift in Sources */,
				F509620A2AA4B5F7005B5CAB /* 🪧BMIView.swift in Sources */,
				F5BBB56629B6108000424A66 /* 🏥HealthStore.swift in Sources */,
				F5BBB55729B60F5700424A66 /* ContentView.swift in Sources */,
				F50961F22AA4B1A8005B5CAB /* 🚨ErrorMessage.swift in Sources */,
				F50961F42AA4B1CE005B5CAB /* 🔐AuthManager.swift in Sources */,
				F50962322AA54860005B5CAB /* 🏥Category.swift in Sources */,
				F50962042AA4B44A005B5CAB /* 🎚️StepperAction.swift in Sources */,
				F509620C2AA4B60E005B5CAB /* 🪧LBMView.swift in Sources */,
				F5BBB55529B60F5700424A66 /* App.swift in Sources */,
				F50962062AA4B5BA005B5CAB /* 🎚️BodyMassStepper.swift in Sources */,
				F5BBB56B29B6121C00424A66 /* 📱AppModel.swift in Sources */,
				F50961F62AA4B206005B5CAB /* 🗯ResultView.swift in Sources */,
				F5BBB56E29B6B14C00424A66 /* 📱AppModel(extension).swift in Sources */,
				F5BBB57129B6F60100424A66 /* 👆RegisterButton.swift in Sources */,
				F5BBB56A29B6113A00424A66 /* 💥Feedback.swift in Sources */,
				F50962082AA4B5DE005B5CAB /* 🎚️BodyFatStepper.swift in Sources */,
				F50962012AA4B3F9005B5CAB /* 📉Difference.swift in Sources */,
				F50961FE2AA4B340005B5CAB /* 🚨Error.swift in Sources */,
				F509622B2AA4BDEC005B5CAB /* ℹ️AboutApp.swift in Sources */,
			);
			runOnlyForDeploymentPostprocessing = 0;
		};
		F5D19D7929B840020069A81E /* Sources */ = {
			isa = PBXSourcesBuildPhase;
			buildActionMask = 2147483647;
			files = (
				F5D19D8429B840020069A81E /* Widget.swift in Sources */,
			);
			runOnlyForDeploymentPostprocessing = 0;
		};
/* End PBXSourcesBuildPhase section */

/* Begin PBXTargetDependency section */
		F509627A2AA588AD005B5CAB /* PBXTargetDependency */ = {
			isa = PBXTargetDependency;
			target = F509626D2AA588AB005B5CAB /* Widget for iOS */;
			targetProxy = F50962792AA588AD005B5CAB /* PBXContainerItemProxy */;
		};
		F5BBB56229B60F7900424A66 /* PBXTargetDependency */ = {
			isa = PBXTargetDependency;
			target = F5BBB55129B60F5700424A66 /* watchOS */;
			targetProxy = F5BBB56129B60F7900424A66 /* PBXContainerItemProxy */;
		};
		F5D19D8929B840050069A81E /* PBXTargetDependency */ = {
			isa = PBXTargetDependency;
			target = F5D19D7C29B840020069A81E /* Widget for watchOS */;
			targetProxy = F5D19D8829B840050069A81E /* PBXContainerItemProxy */;
		};
/* End PBXTargetDependency section */

/* Begin PBXVariantGroup section */
		126B3ED0282E15E5009BD28B /* InfoPlist.strings */ = {
			isa = PBXVariantGroup;
			children = (
				126B3ECF282E15E5009BD28B /* en */,
				126B3ED1282E15E8009BD28B /* ja */,
				129CBDF9284C93D300C73F4D /* zh-Hant */,
				129CBDFD284C999000C73F4D /* zh-Hans */,
				129CBDFF284C9C9300C73F4D /* ar */,
				129CBE01284C9CA600C73F4D /* de */,
				129CBE03284C9CAC00C73F4D /* fr */,
				129CBE05284C9CB800C73F4D /* id */,
				129CBE07284C9CBE00C73F4D /* ko */,
				129CBE09284C9CC700C73F4D /* ru */,
				129CBE0B284C9D5200C73F4D /* pt-BR */,
				129CBE0D284C9D5800C73F4D /* pt-PT */,
				129CBE0F284C9D7600C73F4D /* es */,
				129CBE11284C9D7C00C73F4D /* es-419 */,
				12AF80E0288ECA8F0047324A /* uk */,
			);
			name = InfoPlist.strings;
			sourceTree = "<group>";
		};
/* End PBXVariantGroup section */

/* Begin XCBuildConfiguration section */
		126B3EB3282DFEE0009BD28B /* Debug */ = {
			isa = XCBuildConfiguration;
			buildSettings = {
				ALWAYS_SEARCH_USER_PATHS = NO;
				ASSETCATALOG_COMPILER_GENERATE_SWIFT_ASSET_SYMBOL_EXTENSIONS = YES;
				CLANG_ANALYZER_LOCALIZABILITY_NONLOCALIZED = YES;
				CLANG_ANALYZER_NONNULL = YES;
				CLANG_ANALYZER_NUMBER_OBJECT_CONVERSION = YES_AGGRESSIVE;
				CLANG_CXX_LANGUAGE_STANDARD = "gnu++17";
				CLANG_ENABLE_MODULES = YES;
				CLANG_ENABLE_OBJC_ARC = YES;
				CLANG_ENABLE_OBJC_WEAK = YES;
				CLANG_WARN_BLOCK_CAPTURE_AUTORELEASING = YES;
				CLANG_WARN_BOOL_CONVERSION = YES;
				CLANG_WARN_COMMA = YES;
				CLANG_WARN_CONSTANT_CONVERSION = YES;
				CLANG_WARN_DEPRECATED_OBJC_IMPLEMENTATIONS = YES;
				CLANG_WARN_DIRECT_OBJC_ISA_USAGE = YES_ERROR;
				CLANG_WARN_DOCUMENTATION_COMMENTS = YES;
				CLANG_WARN_EMPTY_BODY = YES;
				CLANG_WARN_ENUM_CONVERSION = YES;
				CLANG_WARN_INFINITE_RECURSION = YES;
				CLANG_WARN_INT_CONVERSION = YES;
				CLANG_WARN_NON_LITERAL_NULL_CONVERSION = YES;
				CLANG_WARN_OBJC_IMPLICIT_RETAIN_SELF = YES;
				CLANG_WARN_OBJC_LITERAL_CONVERSION = YES;
				CLANG_WARN_OBJC_ROOT_CLASS = YES_ERROR;
				CLANG_WARN_QUOTED_INCLUDE_IN_FRAMEWORK_HEADER = YES;
				CLANG_WARN_RANGE_LOOP_ANALYSIS = YES;
				CLANG_WARN_STRICT_PROTOTYPES = YES;
				CLANG_WARN_SUSPICIOUS_MOVE = YES;
				CLANG_WARN_UNGUARDED_AVAILABILITY = YES_AGGRESSIVE;
				CLANG_WARN_UNREACHABLE_CODE = YES;
				CLANG_WARN__DUPLICATE_METHOD_MATCH = YES;
				COPY_PHASE_STRIP = NO;
				DEBUG_INFORMATION_FORMAT = dwarf;
				ENABLE_STRICT_OBJC_MSGSEND = YES;
				ENABLE_TESTABILITY = YES;
				ENABLE_USER_SCRIPT_SANDBOXING = YES;
				GCC_C_LANGUAGE_STANDARD = gnu11;
				GCC_DYNAMIC_NO_PIC = NO;
				GCC_NO_COMMON_BLOCKS = YES;
				GCC_OPTIMIZATION_LEVEL = 0;
				GCC_PREPROCESSOR_DEFINITIONS = (
					"DEBUG=1",
					"$(inherited)",
				);
				GCC_WARN_64_TO_32_BIT_CONVERSION = YES;
				GCC_WARN_ABOUT_RETURN_TYPE = YES_ERROR;
				GCC_WARN_UNDECLARED_SELECTOR = YES;
				GCC_WARN_UNINITIALIZED_AUTOS = YES_AGGRESSIVE;
				GCC_WARN_UNUSED_FUNCTION = YES;
				GCC_WARN_UNUSED_VARIABLE = YES;
				IPHONEOS_DEPLOYMENT_TARGET = 16.0;
				MTL_ENABLE_DEBUG_INFO = INCLUDE_SOURCE;
				MTL_FAST_MATH = YES;
				ONLY_ACTIVE_ARCH = YES;
				SDKROOT = iphoneos;
				SWIFT_ACTIVE_COMPILATION_CONDITIONS = DEBUG;
				SWIFT_OPTIMIZATION_LEVEL = "-Onone";
				WATCHOS_DEPLOYMENT_TARGET = 9.0;
			};
			name = Debug;
		};
		126B3EB4282DFEE0009BD28B /* Release */ = {
			isa = XCBuildConfiguration;
			buildSettings = {
				ALWAYS_SEARCH_USER_PATHS = NO;
				ASSETCATALOG_COMPILER_GENERATE_SWIFT_ASSET_SYMBOL_EXTENSIONS = YES;
				CLANG_ANALYZER_LOCALIZABILITY_NONLOCALIZED = YES;
				CLANG_ANALYZER_NONNULL = YES;
				CLANG_ANALYZER_NUMBER_OBJECT_CONVERSION = YES_AGGRESSIVE;
				CLANG_CXX_LANGUAGE_STANDARD = "gnu++17";
				CLANG_ENABLE_MODULES = YES;
				CLANG_ENABLE_OBJC_ARC = YES;
				CLANG_ENABLE_OBJC_WEAK = YES;
				CLANG_WARN_BLOCK_CAPTURE_AUTORELEASING = YES;
				CLANG_WARN_BOOL_CONVERSION = YES;
				CLANG_WARN_COMMA = YES;
				CLANG_WARN_CONSTANT_CONVERSION = YES;
				CLANG_WARN_DEPRECATED_OBJC_IMPLEMENTATIONS = YES;
				CLANG_WARN_DIRECT_OBJC_ISA_USAGE = YES_ERROR;
				CLANG_WARN_DOCUMENTATION_COMMENTS = YES;
				CLANG_WARN_EMPTY_BODY = YES;
				CLANG_WARN_ENUM_CONVERSION = YES;
				CLANG_WARN_INFINITE_RECURSION = YES;
				CLANG_WARN_INT_CONVERSION = YES;
				CLANG_WARN_NON_LITERAL_NULL_CONVERSION = YES;
				CLANG_WARN_OBJC_IMPLICIT_RETAIN_SELF = YES;
				CLANG_WARN_OBJC_LITERAL_CONVERSION = YES;
				CLANG_WARN_OBJC_ROOT_CLASS = YES_ERROR;
				CLANG_WARN_QUOTED_INCLUDE_IN_FRAMEWORK_HEADER = YES;
				CLANG_WARN_RANGE_LOOP_ANALYSIS = YES;
				CLANG_WARN_STRICT_PROTOTYPES = YES;
				CLANG_WARN_SUSPICIOUS_MOVE = YES;
				CLANG_WARN_UNGUARDED_AVAILABILITY = YES_AGGRESSIVE;
				CLANG_WARN_UNREACHABLE_CODE = YES;
				CLANG_WARN__DUPLICATE_METHOD_MATCH = YES;
				COPY_PHASE_STRIP = NO;
				DEBUG_INFORMATION_FORMAT = "dwarf-with-dsym";
				ENABLE_NS_ASSERTIONS = NO;
				ENABLE_STRICT_OBJC_MSGSEND = YES;
				ENABLE_USER_SCRIPT_SANDBOXING = YES;
				GCC_C_LANGUAGE_STANDARD = gnu11;
				GCC_NO_COMMON_BLOCKS = YES;
				GCC_WARN_64_TO_32_BIT_CONVERSION = YES;
				GCC_WARN_ABOUT_RETURN_TYPE = YES_ERROR;
				GCC_WARN_UNDECLARED_SELECTOR = YES;
				GCC_WARN_UNINITIALIZED_AUTOS = YES_AGGRESSIVE;
				GCC_WARN_UNUSED_FUNCTION = YES;
				GCC_WARN_UNUSED_VARIABLE = YES;
				IPHONEOS_DEPLOYMENT_TARGET = 16.0;
				MTL_ENABLE_DEBUG_INFO = NO;
				MTL_FAST_MATH = YES;
				SDKROOT = iphoneos;
				SWIFT_COMPILATION_MODE = wholemodule;
				SWIFT_OPTIMIZATION_LEVEL = "-O";
				VALIDATE_PRODUCT = YES;
				WATCHOS_DEPLOYMENT_TARGET = 9.0;
			};
			name = Release;
		};
		126B3EB6282DFEE0009BD28B /* Debug */ = {
			isa = XCBuildConfiguration;
			buildSettings = {
				ALWAYS_EMBED_SWIFT_STANDARD_LIBRARIES = YES;
				ASSETCATALOG_COMPILER_APPICON_NAME = AppIcon;
				ASSETCATALOG_COMPILER_GLOBAL_ACCENT_COLOR_NAME = AccentColor;
				CODE_SIGN_ENTITLEMENTS = "iOS/🧰SupportingFiles/iOS.entitlements";
				CODE_SIGN_STYLE = Automatic;
				CURRENT_PROJECT_VERSION = 4;
				DEVELOPMENT_ASSET_PATHS = "";
				DEVELOPMENT_TEAM = 6696GEY228;
				ENABLE_PREVIEWS = YES;
				GENERATE_INFOPLIST_FILE = YES;
				INFOPLIST_FILE = "iOS/🧰SupportingFiles/Info.plist";
				INFOPLIST_KEY_NSHealthShareUsageDescription = "Import latest log to show difference.";
				INFOPLIST_KEY_NSHealthUpdateUsageDescription = "Save your data to \"Health\" app.";
				INFOPLIST_KEY_UIApplicationSceneManifest_Generation = YES;
				INFOPLIST_KEY_UIApplicationSupportsIndirectInputEvents = YES;
				INFOPLIST_KEY_UILaunchStoryboardName = "Launch Screen";
				INFOPLIST_KEY_UISupportedInterfaceOrientations_iPad = "UIInterfaceOrientationPortrait UIInterfaceOrientationPortraitUpsideDown UIInterfaceOrientationLandscapeLeft UIInterfaceOrientationLandscapeRight";
				INFOPLIST_KEY_UISupportedInterfaceOrientations_iPhone = UIInterfaceOrientationPortrait;
				LD_RUNPATH_SEARCH_PATHS = (
					"$(inherited)",
					"@executable_path/Frameworks",
				);
				MARKETING_VERSION = 1.4;
				PRODUCT_BUNDLE_IDENTIFIER = net.aaaakkkkssssttttnnnn.TapWeight;
				PRODUCT_NAME = "$(TARGET_NAME)";
				SUPPORTED_PLATFORMS = "iphoneos iphonesimulator";
				SUPPORTS_MACCATALYST = NO;
				SUPPORTS_MAC_DESIGNED_FOR_IPHONE_IPAD = NO;
				SUPPORTS_XR_DESIGNED_FOR_IPHONE_IPAD = NO;
				SWIFT_EMIT_LOC_STRINGS = YES;
				SWIFT_VERSION = 5.0;
				TARGETED_DEVICE_FAMILY = "1,2";
			};
			name = Debug;
		};
		126B3EB7282DFEE0009BD28B /* Release */ = {
			isa = XCBuildConfiguration;
			buildSettings = {
				ALWAYS_EMBED_SWIFT_STANDARD_LIBRARIES = YES;
				ASSETCATALOG_COMPILER_APPICON_NAME = AppIcon;
				ASSETCATALOG_COMPILER_GLOBAL_ACCENT_COLOR_NAME = AccentColor;
				CODE_SIGN_ENTITLEMENTS = "iOS/🧰SupportingFiles/iOS.entitlements";
				CODE_SIGN_STYLE = Automatic;
				CURRENT_PROJECT_VERSION = 4;
				DEVELOPMENT_ASSET_PATHS = "";
				DEVELOPMENT_TEAM = 6696GEY228;
				ENABLE_PREVIEWS = YES;
				GENERATE_INFOPLIST_FILE = YES;
				INFOPLIST_FILE = "iOS/🧰SupportingFiles/Info.plist";
				INFOPLIST_KEY_NSHealthShareUsageDescription = "Import latest log to show difference.";
				INFOPLIST_KEY_NSHealthUpdateUsageDescription = "Save your data to \"Health\" app.";
				INFOPLIST_KEY_UIApplicationSceneManifest_Generation = YES;
				INFOPLIST_KEY_UIApplicationSupportsIndirectInputEvents = YES;
				INFOPLIST_KEY_UILaunchStoryboardName = "Launch Screen";
				INFOPLIST_KEY_UISupportedInterfaceOrientations_iPad = "UIInterfaceOrientationPortrait UIInterfaceOrientationPortraitUpsideDown UIInterfaceOrientationLandscapeLeft UIInterfaceOrientationLandscapeRight";
				INFOPLIST_KEY_UISupportedInterfaceOrientations_iPhone = UIInterfaceOrientationPortrait;
				LD_RUNPATH_SEARCH_PATHS = (
					"$(inherited)",
					"@executable_path/Frameworks",
				);
				MARKETING_VERSION = 1.4;
				PRODUCT_BUNDLE_IDENTIFIER = net.aaaakkkkssssttttnnnn.TapWeight;
				PRODUCT_NAME = "$(TARGET_NAME)";
				SUPPORTED_PLATFORMS = "iphoneos iphonesimulator";
				SUPPORTS_MACCATALYST = NO;
				SUPPORTS_MAC_DESIGNED_FOR_IPHONE_IPAD = NO;
				SUPPORTS_XR_DESIGNED_FOR_IPHONE_IPAD = NO;
				SWIFT_EMIT_LOC_STRINGS = YES;
				SWIFT_VERSION = 5.0;
				TARGETED_DEVICE_FAMILY = "1,2";
			};
			name = Release;
		};
		F509627D2AA588AE005B5CAB /* Debug */ = {
			isa = XCBuildConfiguration;
			buildSettings = {
				ASSETCATALOG_COMPILER_GLOBAL_ACCENT_COLOR_NAME = AccentColor;
				ASSETCATALOG_COMPILER_WIDGET_BACKGROUND_COLOR_NAME = WidgetBackground;
				CLANG_CXX_LANGUAGE_STANDARD = "gnu++20";
				CODE_SIGN_STYLE = Automatic;
				CURRENT_PROJECT_VERSION = 4;
				DEVELOPMENT_TEAM = 6696GEY228;
				GCC_C_LANGUAGE_STANDARD = gnu17;
				GENERATE_INFOPLIST_FILE = YES;
				INFOPLIST_FILE = Widget/iOS/Info.plist;
				INFOPLIST_KEY_CFBundleDisplayName = TapWeight;
				INFOPLIST_KEY_NSHumanReadableCopyright = "";
				IPHONEOS_DEPLOYMENT_TARGET = 16.0;
				LD_RUNPATH_SEARCH_PATHS = (
					"$(inherited)",
					"@executable_path/Frameworks",
					"@executable_path/../../Frameworks",
				);
				LOCALIZATION_PREFERS_STRING_CATALOGS = YES;
				MARKETING_VERSION = 1.4;
				PRODUCT_BUNDLE_IDENTIFIER = net.aaaakkkkssssttttnnnn.TapWeight.WidgetForIOS;
				PRODUCT_NAME = "$(TARGET_NAME)";
				SKIP_INSTALL = YES;
				SUPPORTED_PLATFORMS = "iphoneos iphonesimulator";
				SUPPORTS_MACCATALYST = NO;
				SUPPORTS_MAC_DESIGNED_FOR_IPHONE_IPAD = NO;
				SUPPORTS_XR_DESIGNED_FOR_IPHONE_IPAD = NO;
				SWIFT_ACTIVE_COMPILATION_CONDITIONS = "DEBUG $(inherited)";
				SWIFT_EMIT_LOC_STRINGS = YES;
				SWIFT_VERSION = 5.0;
				TARGETED_DEVICE_FAMILY = "1,2";
			};
			name = Debug;
		};
		F509627E2AA588AE005B5CAB /* Release */ = {
			isa = XCBuildConfiguration;
			buildSettings = {
				ASSETCATALOG_COMPILER_GLOBAL_ACCENT_COLOR_NAME = AccentColor;
				ASSETCATALOG_COMPILER_WIDGET_BACKGROUND_COLOR_NAME = WidgetBackground;
				CLANG_CXX_LANGUAGE_STANDARD = "gnu++20";
				CODE_SIGN_STYLE = Automatic;
				CURRENT_PROJECT_VERSION = 4;
				DEVELOPMENT_TEAM = 6696GEY228;
				GCC_C_LANGUAGE_STANDARD = gnu17;
				GENERATE_INFOPLIST_FILE = YES;
				INFOPLIST_FILE = Widget/iOS/Info.plist;
				INFOPLIST_KEY_CFBundleDisplayName = TapWeight;
				INFOPLIST_KEY_NSHumanReadableCopyright = "";
				IPHONEOS_DEPLOYMENT_TARGET = 16.0;
				LD_RUNPATH_SEARCH_PATHS = (
					"$(inherited)",
					"@executable_path/Frameworks",
					"@executable_path/../../Frameworks",
				);
				LOCALIZATION_PREFERS_STRING_CATALOGS = YES;
				MARKETING_VERSION = 1.4;
				PRODUCT_BUNDLE_IDENTIFIER = net.aaaakkkkssssttttnnnn.TapWeight.WidgetForIOS;
				PRODUCT_NAME = "$(TARGET_NAME)";
				SKIP_INSTALL = YES;
				SUPPORTED_PLATFORMS = "iphoneos iphonesimulator";
				SUPPORTS_MACCATALYST = NO;
				SUPPORTS_MAC_DESIGNED_FOR_IPHONE_IPAD = NO;
				SUPPORTS_XR_DESIGNED_FOR_IPHONE_IPAD = NO;
				SWIFT_EMIT_LOC_STRINGS = YES;
				SWIFT_VERSION = 5.0;
				TARGETED_DEVICE_FAMILY = "1,2";
			};
			name = Release;
		};
		F5BBB55E29B60F5900424A66 /* Debug */ = {
			isa = XCBuildConfiguration;
			buildSettings = {
				ALWAYS_EMBED_SWIFT_STANDARD_LIBRARIES = YES;
				ASSETCATALOG_COMPILER_APPICON_NAME = AppIcon;
				ASSETCATALOG_COMPILER_GLOBAL_ACCENT_COLOR_NAME = AccentColor;
				CLANG_CXX_LANGUAGE_STANDARD = "gnu++20";
				CODE_SIGN_ENTITLEMENTS = "watchOS/🧰SupportingFiles/watchOS.entitlements";
				CODE_SIGN_STYLE = Automatic;
				CURRENT_PROJECT_VERSION = 4;
				DEVELOPMENT_ASSET_PATHS = "";
				DEVELOPMENT_TEAM = 6696GEY228;
				ENABLE_PREVIEWS = YES;
				GENERATE_INFOPLIST_FILE = YES;
				INFOPLIST_KEY_NSHealthShareUsageDescription = "Import prefer unit.";
				INFOPLIST_KEY_NSHealthUpdateUsageDescription = "Save your data to \"Health\" app.";
				INFOPLIST_KEY_UISupportedInterfaceOrientations = "UIInterfaceOrientationPortrait UIInterfaceOrientationPortraitUpsideDown";
				INFOPLIST_KEY_WKCompanionAppBundleIdentifier = net.aaaakkkkssssttttnnnn.TapWeight;
				INFOPLIST_KEY_WKRunsIndependentlyOfCompanionApp = NO;
				LD_RUNPATH_SEARCH_PATHS = (
					"$(inherited)",
					"@executable_path/Frameworks",
				);
				MARKETING_VERSION = 1.4;
				PRODUCT_BUNDLE_IDENTIFIER = net.aaaakkkkssssttttnnnn.TapWeight.watchkitapp;
				PRODUCT_NAME = TapWeight;
				SDKROOT = watchos;
				SKIP_INSTALL = YES;
				SWIFT_EMIT_LOC_STRINGS = YES;
				SWIFT_VERSION = 5.0;
				TARGETED_DEVICE_FAMILY = 4;
				WATCHOS_DEPLOYMENT_TARGET = 9.0;
			};
			name = Debug;
		};
		F5BBB55F29B60F5900424A66 /* Release */ = {
			isa = XCBuildConfiguration;
			buildSettings = {
				ALWAYS_EMBED_SWIFT_STANDARD_LIBRARIES = YES;
				ASSETCATALOG_COMPILER_APPICON_NAME = AppIcon;
				ASSETCATALOG_COMPILER_GLOBAL_ACCENT_COLOR_NAME = AccentColor;
				CLANG_CXX_LANGUAGE_STANDARD = "gnu++20";
				CODE_SIGN_ENTITLEMENTS = "watchOS/🧰SupportingFiles/watchOS.entitlements";
				CODE_SIGN_STYLE = Automatic;
				CURRENT_PROJECT_VERSION = 4;
				DEVELOPMENT_ASSET_PATHS = "";
				DEVELOPMENT_TEAM = 6696GEY228;
				ENABLE_PREVIEWS = YES;
				GENERATE_INFOPLIST_FILE = YES;
				INFOPLIST_KEY_NSHealthShareUsageDescription = "Import prefer unit.";
				INFOPLIST_KEY_NSHealthUpdateUsageDescription = "Save your data to \"Health\" app.";
				INFOPLIST_KEY_UISupportedInterfaceOrientations = "UIInterfaceOrientationPortrait UIInterfaceOrientationPortraitUpsideDown";
				INFOPLIST_KEY_WKCompanionAppBundleIdentifier = net.aaaakkkkssssttttnnnn.TapWeight;
				INFOPLIST_KEY_WKRunsIndependentlyOfCompanionApp = NO;
				LD_RUNPATH_SEARCH_PATHS = (
					"$(inherited)",
					"@executable_path/Frameworks",
				);
				MARKETING_VERSION = 1.4;
				PRODUCT_BUNDLE_IDENTIFIER = net.aaaakkkkssssttttnnnn.TapWeight.watchkitapp;
				PRODUCT_NAME = TapWeight;
				SDKROOT = watchos;
				SKIP_INSTALL = YES;
				SWIFT_EMIT_LOC_STRINGS = YES;
				SWIFT_VERSION = 5.0;
				TARGETED_DEVICE_FAMILY = 4;
				WATCHOS_DEPLOYMENT_TARGET = 9.0;
			};
			name = Release;
		};
		F5D19D8C29B840050069A81E /* Debug */ = {
			isa = XCBuildConfiguration;
			buildSettings = {
				ASSETCATALOG_COMPILER_GLOBAL_ACCENT_COLOR_NAME = AccentColor;
				ASSETCATALOG_COMPILER_WIDGET_BACKGROUND_COLOR_NAME = WidgetBackground;
				CLANG_CXX_LANGUAGE_STANDARD = "gnu++20";
				CODE_SIGN_STYLE = Automatic;
				CURRENT_PROJECT_VERSION = 4;
				DEVELOPMENT_TEAM = 6696GEY228;
				GENERATE_INFOPLIST_FILE = YES;
				INFOPLIST_FILE = Widget/watchOS/Info.plist;
				INFOPLIST_KEY_CFBundleDisplayName = TapWeight;
				INFOPLIST_KEY_NSHumanReadableCopyright = "";
				LD_RUNPATH_SEARCH_PATHS = (
					"$(inherited)",
					"@executable_path/Frameworks",
					"@executable_path/../../Frameworks",
					"@executable_path/../../../../Frameworks",
				);
				MARKETING_VERSION = 1.4;
				PRODUCT_BUNDLE_IDENTIFIER = "net.aaaakkkkssssttttnnnn.TapWeight.watchkitapp.TW-Watch-Widget";
				PRODUCT_NAME = "$(TARGET_NAME)";
				SDKROOT = watchos;
				SKIP_INSTALL = YES;
				SWIFT_EMIT_LOC_STRINGS = YES;
				SWIFT_VERSION = 5.0;
				TARGETED_DEVICE_FAMILY = 4;
				WATCHOS_DEPLOYMENT_TARGET = 9.0;
			};
			name = Debug;
		};
		F5D19D8D29B840050069A81E /* Release */ = {
			isa = XCBuildConfiguration;
			buildSettings = {
				ASSETCATALOG_COMPILER_GLOBAL_ACCENT_COLOR_NAME = AccentColor;
				ASSETCATALOG_COMPILER_WIDGET_BACKGROUND_COLOR_NAME = WidgetBackground;
				CLANG_CXX_LANGUAGE_STANDARD = "gnu++20";
				CODE_SIGN_STYLE = Automatic;
				CURRENT_PROJECT_VERSION = 4;
				DEVELOPMENT_TEAM = 6696GEY228;
				GENERATE_INFOPLIST_FILE = YES;
				INFOPLIST_FILE = Widget/watchOS/Info.plist;
				INFOPLIST_KEY_CFBundleDisplayName = TapWeight;
				INFOPLIST_KEY_NSHumanReadableCopyright = "";
				LD_RUNPATH_SEARCH_PATHS = (
					"$(inherited)",
					"@executable_path/Frameworks",
					"@executable_path/../../Frameworks",
					"@executable_path/../../../../Frameworks",
				);
				MARKETING_VERSION = 1.4;
				PRODUCT_BUNDLE_IDENTIFIER = "net.aaaakkkkssssttttnnnn.TapWeight.watchkitapp.TW-Watch-Widget";
				PRODUCT_NAME = "$(TARGET_NAME)";
				SDKROOT = watchos;
				SKIP_INSTALL = YES;
				SWIFT_EMIT_LOC_STRINGS = YES;
				SWIFT_VERSION = 5.0;
				TARGETED_DEVICE_FAMILY = 4;
				WATCHOS_DEPLOYMENT_TARGET = 9.0;
			};
			name = Release;
		};
/* End XCBuildConfiguration section */

/* Begin XCConfigurationList section */
		126B3EA2282DFEDF009BD28B /* Build configuration list for PBXProject "TapWeight" */ = {
			isa = XCConfigurationList;
			buildConfigurations = (
				126B3EB3282DFEE0009BD28B /* Debug */,
				126B3EB4282DFEE0009BD28B /* Release */,
			);
			defaultConfigurationIsVisible = 0;
			defaultConfigurationName = Release;
		};
		126B3EB5282DFEE0009BD28B /* Build configuration list for PBXNativeTarget "iOS" */ = {
			isa = XCConfigurationList;
			buildConfigurations = (
				126B3EB6282DFEE0009BD28B /* Debug */,
				126B3EB7282DFEE0009BD28B /* Release */,
			);
			defaultConfigurationIsVisible = 0;
			defaultConfigurationName = Release;
		};
		F509627C2AA588AE005B5CAB /* Build configuration list for PBXNativeTarget "Widget for iOS" */ = {
			isa = XCConfigurationList;
			buildConfigurations = (
				F509627D2AA588AE005B5CAB /* Debug */,
				F509627E2AA588AE005B5CAB /* Release */,
			);
			defaultConfigurationIsVisible = 0;
			defaultConfigurationName = Release;
		};
		F5BBB55D29B60F5900424A66 /* Build configuration list for PBXNativeTarget "watchOS" */ = {
			isa = XCConfigurationList;
			buildConfigurations = (
				F5BBB55E29B60F5900424A66 /* Debug */,
				F5BBB55F29B60F5900424A66 /* Release */,
			);
			defaultConfigurationIsVisible = 0;
			defaultConfigurationName = Release;
		};
		F5D19D8E29B840050069A81E /* Build configuration list for PBXNativeTarget "Widget for watchOS" */ = {
			isa = XCConfigurationList;
			buildConfigurations = (
				F5D19D8C29B840050069A81E /* Debug */,
				F5D19D8D29B840050069A81E /* Release */,
			);
			defaultConfigurationIsVisible = 0;
			defaultConfigurationName = Release;
		};
/* End XCConfigurationList section */
	};
	rootObject = 126B3E9F282DFEDF009BD28B /* Project object */;
}
