// !$*UTF8*$!
{
	archiveVersion = 1;
	classes = {
	};
	objectVersion = 55;
	objects = {

/* Begin PBXBuildFile section */
		120B2192284B4E1E007CA829 /* 📏BodyMassUnit.swift in Sources */ = {isa = PBXBuildFile; fileRef = 120B2191284B4E1E007CA829 /* 📏BodyMassUnit.swift */; };
		120B4445284778FD00D491E4 /* 💟JumpButton.swift in Sources */ = {isa = PBXBuildFile; fileRef = 120B4444284778FD00D491E4 /* 💟JumpButton.swift */; };
		120B44472847796100D491E4 /* 📄DocumentMenu.swift in Sources */ = {isa = PBXBuildFile; fileRef = 120B44462847796100D491E4 /* 📄DocumentMenu.swift */; };
		1232578B284C5EA2002E0057 /* 👆Stepper.swift in Sources */ = {isa = PBXBuildFile; fileRef = 1232578A284C5EA2002E0057 /* 👆Stepper.swift */; };
		12428DCB28485F85006837F9 /* 📓SourceCodeMenu.swift in Sources */ = {isa = PBXBuildFile; fileRef = 12428DCA28485F85006837F9 /* 📓SourceCodeMenu.swift */; };
		12428DCE284860D0006837F9 /* 🕒HistoryMenu.swift in Sources */ = {isa = PBXBuildFile; fileRef = 12428DCD284860D0006837F9 /* 🕒HistoryMenu.swift */; };
		124C485F284863BA0085B066 /* 📱Model.swift in Sources */ = {isa = PBXBuildFile; fileRef = 124C485E284863BA0085B066 /* 📱Model.swift */; };
		12579D162835FE8900536547 /* 🗯ResultView.swift in Sources */ = {isa = PBXBuildFile; fileRef = 12579D152835FE8900536547 /* 🗯ResultView.swift */; };
		12630BC12849C63E005F922F /* 🧍HeightMenu.swift in Sources */ = {isa = PBXBuildFile; fileRef = 12630BC02849C63E005F922F /* 🧍HeightMenu.swift */; };
		12630BC32849CD33005F922F /* 🛠MenuList.swift in Sources */ = {isa = PBXBuildFile; fileRef = 12630BC22849CD33005F922F /* 🛠MenuList.swift */; };
		126B3EAB282DFEDF009BD28B /* TapWeightApp.swift in Sources */ = {isa = PBXBuildFile; fileRef = 126B3EAA282DFEDF009BD28B /* TapWeightApp.swift */; };
		126B3EAD282DFEDF009BD28B /* ContentView.swift in Sources */ = {isa = PBXBuildFile; fileRef = 126B3EAC282DFEDF009BD28B /* ContentView.swift */; };
		126B3EAF282DFEE0009BD28B /* Assets.xcassets in Resources */ = {isa = PBXBuildFile; fileRef = 126B3EAE282DFEE0009BD28B /* Assets.xcassets */; };
		126B3EB2282DFEE0009BD28B /* Preview Assets.xcassets in Resources */ = {isa = PBXBuildFile; fileRef = 126B3EB1282DFEE0009BD28B /* Preview Assets.xcassets */; };
		126B3EBB282E001E009BD28B /* HealthKit.framework in Frameworks */ = {isa = PBXBuildFile; fileRef = 126B3EBA282E001E009BD28B /* HealthKit.framework */; };
		126B3EBF282E0F45009BD28B /* Localizable.strings in Resources */ = {isa = PBXBuildFile; fileRef = 126B3EC1282E0F45009BD28B /* Localizable.strings */; };
		126B3ECE282E15E5009BD28B /* InfoPlist.strings in Resources */ = {isa = PBXBuildFile; fileRef = 126B3ED0282E15E5009BD28B /* InfoPlist.strings */; };
		126B3ED3282E1968009BD28B /* 🛠MenuButton.swift in Sources */ = {isa = PBXBuildFile; fileRef = 126B3ED2282E1968009BD28B /* 🛠MenuButton.swift */; };
		126B3ED5282E2100009BD28B /* TapWeightApp.swift in CopyFiles */ = {isa = PBXBuildFile; fileRef = 126B3EAA282DFEDF009BD28B /* TapWeightApp.swift */; };
		126B3ED6282E2100009BD28B /* ContentView.swift in CopyFiles */ = {isa = PBXBuildFile; fileRef = 126B3EAC282DFEDF009BD28B /* ContentView.swift */; };
		129CBDF8284C7F8B00C73F4D /* 🏷VersionMenu.swift in Sources */ = {isa = PBXBuildFile; fileRef = 129CBDF7284C7F8B00C73F4D /* 🏷VersionMenu.swift */; };
		129CBE16284CCF9900C73F4D /* 📱Model.swift in CopyFiles */ = {isa = PBXBuildFile; fileRef = 124C485E284863BA0085B066 /* 📱Model.swift */; };
		129CBE17284CD00700C73F4D /* 🗯ResultView.swift in CopyFiles */ = {isa = PBXBuildFile; fileRef = 12579D152835FE8900536547 /* 🗯ResultView.swift */; };
		129CBE18284CD00700C73F4D /* 📏BodyMassUnit.swift in CopyFiles */ = {isa = PBXBuildFile; fileRef = 120B2191284B4E1E007CA829 /* 📏BodyMassUnit.swift */; };
		129CBE1F284CD03300C73F4D /* 🧍HeightMenu.swift in CopyFiles */ = {isa = PBXBuildFile; fileRef = 12630BC02849C63E005F922F /* 🧍HeightMenu.swift */; };
		129CBE20284CD03300C73F4D /* 🕒HistoryMenu.swift in CopyFiles */ = {isa = PBXBuildFile; fileRef = 12428DCD284860D0006837F9 /* 🕒HistoryMenu.swift */; };
		129CBE21284CD03300C73F4D /* 📋TextView.swift in CopyFiles */ = {isa = PBXBuildFile; fileRef = 12AA24FA284A393300199A64 /* 📋TextView.swift */; };
		129CBE22284CD03300C73F4D /* 📄DocumentMenu.swift in CopyFiles */ = {isa = PBXBuildFile; fileRef = 120B44462847796100D491E4 /* 📄DocumentMenu.swift */; };
		129CBE23284CD03300C73F4D /* 🏷VersionMenu.swift in CopyFiles */ = {isa = PBXBuildFile; fileRef = 129CBDF7284C7F8B00C73F4D /* 🏷VersionMenu.swift */; };
		129CBE24284CD03300C73F4D /* 📓SourceCodeMenu.swift in CopyFiles */ = {isa = PBXBuildFile; fileRef = 12428DCA28485F85006837F9 /* 📓SourceCodeMenu.swift */; };
		129CBE26284CD05100C73F4D /* 💸AppName.swift in CopyFiles */ = {isa = PBXBuildFile; fileRef = 12B694CC28360B73005F47B3 /* 💸AppName.swift */; };
		129CBE27284CD05100C73F4D /* 💸ADView.swift in CopyFiles */ = {isa = PBXBuildFile; fileRef = 12F2F8A6284B709A00C3A4BA /* 💸ADView.swift */; };
		129CBE29284CD05100C73F4D /* 💸ADBanner.swift in CopyFiles */ = {isa = PBXBuildFile; fileRef = 12F2F8A2284B703100C3A4BA /* 💸ADBanner.swift */; };
		129CBE2B284CD10D00C73F4D /* 👆Stepper.swift in CopyFiles */ = {isa = PBXBuildFile; fileRef = 1232578A284C5EA2002E0057 /* 👆Stepper.swift */; };
		129CBE2D284CD10D00C73F4D /* 💟JumpButton.swift in CopyFiles */ = {isa = PBXBuildFile; fileRef = 120B4444284778FD00D491E4 /* 💟JumpButton.swift */; };
		129CBE2E284CD12800C73F4D /* 🛠MenuButton.swift in CopyFiles */ = {isa = PBXBuildFile; fileRef = 126B3ED2282E1968009BD28B /* 🛠MenuButton.swift */; };
		129CBE2F284CD12800C73F4D /* 🛠MenuList.swift in CopyFiles */ = {isa = PBXBuildFile; fileRef = 12630BC22849CD33005F922F /* 🛠MenuList.swift */; };
		12AA24FB284A393300199A64 /* 📋TextView.swift in Sources */ = {isa = PBXBuildFile; fileRef = 12AA24FA284A393300199A64 /* 📋TextView.swift */; };
		12B694CD28360B73005F47B3 /* 💸AppName.swift in Sources */ = {isa = PBXBuildFile; fileRef = 12B694CC28360B73005F47B3 /* 💸AppName.swift */; };
		12BA83C528605235009E7E3F /* 💸AboutADView.swift in Sources */ = {isa = PBXBuildFile; fileRef = 12BA83C428605235009E7E3F /* 💸AboutADView.swift */; };
		12BA83C92860525B009E7E3F /* 🏬PurchaseSection.swift in Sources */ = {isa = PBXBuildFile; fileRef = 12BA83C72860525B009E7E3F /* 🏬PurchaseSection.swift */; };
		12BA83CA2860525B009E7E3F /* 🏬Store.swift in Sources */ = {isa = PBXBuildFile; fileRef = 12BA83C82860525B009E7E3F /* 🏬Store.swift */; };
		12BA83CC2860535A009E7E3F /* Configuration.storekit in Resources */ = {isa = PBXBuildFile; fileRef = 12BA83CB2860535A009E7E3F /* Configuration.storekit */; };
		12BA83CE28606047009E7E3F /* StoreKit.framework in Frameworks */ = {isa = PBXBuildFile; fileRef = 12BA83CD28606047009E7E3F /* StoreKit.framework */; };
		12F2F8A3284B703100C3A4BA /* 💸ADBanner.swift in Sources */ = {isa = PBXBuildFile; fileRef = 12F2F8A2284B703100C3A4BA /* 💸ADBanner.swift */; };
		12F2F8A7284B709A00C3A4BA /* 💸ADView.swift in Sources */ = {isa = PBXBuildFile; fileRef = 12F2F8A6284B709A00C3A4BA /* 💸ADView.swift */; };
/* End PBXBuildFile section */

/* Begin PBXCopyFilesBuildPhase section */
		126B3ED4282E20ED009BD28B /* CopyFiles */ = {
			isa = PBXCopyFilesBuildPhase;
			buildActionMask = 2147483647;
			dstPath = "📁0";
			dstSubfolderSpec = 7;
			files = (
				129CBE16284CCF9900C73F4D /* 📱Model.swift in CopyFiles */,
				126B3ED5282E2100009BD28B /* TapWeightApp.swift in CopyFiles */,
				126B3ED6282E2100009BD28B /* ContentView.swift in CopyFiles */,
			);
			runOnlyForDeploymentPostprocessing = 0;
		};
		129CBE15284CCF8900C73F4D /* CopyFiles */ = {
			isa = PBXCopyFilesBuildPhase;
			buildActionMask = 2147483647;
			dstPath = "📁1";
			dstSubfolderSpec = 7;
			files = (
				129CBE2B284CD10D00C73F4D /* 👆Stepper.swift in CopyFiles */,
				129CBE2D284CD10D00C73F4D /* 💟JumpButton.swift in CopyFiles */,
				129CBE17284CD00700C73F4D /* 🗯ResultView.swift in CopyFiles */,
				129CBE18284CD00700C73F4D /* 📏BodyMassUnit.swift in CopyFiles */,
			);
			runOnlyForDeploymentPostprocessing = 0;
		};
		129CBE1B284CD01200C73F4D /* CopyFiles */ = {
			isa = PBXCopyFilesBuildPhase;
			buildActionMask = 2147483647;
			dstPath = "📁2";
			dstSubfolderSpec = 7;
			files = (
				129CBE2E284CD12800C73F4D /* 🛠MenuButton.swift in CopyFiles */,
				129CBE2F284CD12800C73F4D /* 🛠MenuList.swift in CopyFiles */,
				129CBE1F284CD03300C73F4D /* 🧍HeightMenu.swift in CopyFiles */,
				129CBE20284CD03300C73F4D /* 🕒HistoryMenu.swift in CopyFiles */,
				129CBE21284CD03300C73F4D /* 📋TextView.swift in CopyFiles */,
				129CBE22284CD03300C73F4D /* 📄DocumentMenu.swift in CopyFiles */,
				129CBE23284CD03300C73F4D /* 🏷VersionMenu.swift in CopyFiles */,
				129CBE24284CD03300C73F4D /* 📓SourceCodeMenu.swift in CopyFiles */,
			);
			runOnlyForDeploymentPostprocessing = 0;
		};
		129CBE25284CD03A00C73F4D /* CopyFiles */ = {
			isa = PBXCopyFilesBuildPhase;
			buildActionMask = 2147483647;
			dstPath = "📁AD";
			dstSubfolderSpec = 7;
			files = (
				129CBE26284CD05100C73F4D /* 💸AppName.swift in CopyFiles */,
				129CBE27284CD05100C73F4D /* 💸ADView.swift in CopyFiles */,
				129CBE29284CD05100C73F4D /* 💸ADBanner.swift in CopyFiles */,
			);
			runOnlyForDeploymentPostprocessing = 0;
		};
/* End PBXCopyFilesBuildPhase section */

/* Begin PBXFileReference section */
		120B2191284B4E1E007CA829 /* 📏BodyMassUnit.swift */ = {isa = PBXFileReference; lastKnownFileType = sourcecode.swift; path = "📏BodyMassUnit.swift"; sourceTree = "<group>"; };
		120B4444284778FD00D491E4 /* 💟JumpButton.swift */ = {isa = PBXFileReference; lastKnownFileType = sourcecode.swift; path = "💟JumpButton.swift"; sourceTree = "<group>"; };
		120B44462847796100D491E4 /* 📄DocumentMenu.swift */ = {isa = PBXFileReference; lastKnownFileType = sourcecode.swift; path = "📄DocumentMenu.swift"; sourceTree = "<group>"; };
		1232578A284C5EA2002E0057 /* 👆Stepper.swift */ = {isa = PBXFileReference; lastKnownFileType = sourcecode.swift; path = "👆Stepper.swift"; sourceTree = "<group>"; };
		12428DCA28485F85006837F9 /* 📓SourceCodeMenu.swift */ = {isa = PBXFileReference; lastKnownFileType = sourcecode.swift; path = "📓SourceCodeMenu.swift"; sourceTree = "<group>"; };
		12428DCD284860D0006837F9 /* 🕒HistoryMenu.swift */ = {isa = PBXFileReference; lastKnownFileType = sourcecode.swift; path = "🕒HistoryMenu.swift"; sourceTree = "<group>"; };
		124C485E284863BA0085B066 /* 📱Model.swift */ = {isa = PBXFileReference; lastKnownFileType = sourcecode.swift; path = "📱Model.swift"; sourceTree = "<group>"; };
		12579D152835FE8900536547 /* 🗯ResultView.swift */ = {isa = PBXFileReference; lastKnownFileType = sourcecode.swift; path = "🗯ResultView.swift"; sourceTree = "<group>"; };
		125AFEDA282F2B6E00E3BC4A /* README.md */ = {isa = PBXFileReference; lastKnownFileType = net.daringfireball.markdown; path = README.md; sourceTree = "<group>"; };
		12630BC02849C63E005F922F /* 🧍HeightMenu.swift */ = {isa = PBXFileReference; lastKnownFileType = sourcecode.swift; path = "🧍HeightMenu.swift"; sourceTree = "<group>"; };
		12630BC22849CD33005F922F /* 🛠MenuList.swift */ = {isa = PBXFileReference; lastKnownFileType = sourcecode.swift; path = "🛠MenuList.swift"; sourceTree = "<group>"; };
		126B3EA7282DFEDF009BD28B /* TapWeight.app */ = {isa = PBXFileReference; explicitFileType = wrapper.application; includeInIndex = 0; path = TapWeight.app; sourceTree = BUILT_PRODUCTS_DIR; };
		126B3EAA282DFEDF009BD28B /* TapWeightApp.swift */ = {isa = PBXFileReference; lastKnownFileType = sourcecode.swift; path = TapWeightApp.swift; sourceTree = "<group>"; };
		126B3EAC282DFEDF009BD28B /* ContentView.swift */ = {isa = PBXFileReference; lastKnownFileType = sourcecode.swift; path = ContentView.swift; sourceTree = "<group>"; };
		126B3EAE282DFEE0009BD28B /* Assets.xcassets */ = {isa = PBXFileReference; lastKnownFileType = folder.assetcatalog; path = Assets.xcassets; sourceTree = "<group>"; };
		126B3EB1282DFEE0009BD28B /* Preview Assets.xcassets */ = {isa = PBXFileReference; lastKnownFileType = folder.assetcatalog; path = "Preview Assets.xcassets"; sourceTree = "<group>"; };
		126B3EB8282E001E009BD28B /* TapWeight.entitlements */ = {isa = PBXFileReference; lastKnownFileType = text.plist.entitlements; path = TapWeight.entitlements; sourceTree = "<group>"; };
		126B3EBA282E001E009BD28B /* HealthKit.framework */ = {isa = PBXFileReference; lastKnownFileType = wrapper.framework; name = HealthKit.framework; path = System/Library/Frameworks/HealthKit.framework; sourceTree = SDKROOT; };
		126B3EBC282E0159009BD28B /* Info.plist */ = {isa = PBXFileReference; lastKnownFileType = text.plist; path = Info.plist; sourceTree = "<group>"; };
		126B3EC0282E0F45009BD28B /* en */ = {isa = PBXFileReference; lastKnownFileType = text.plist.strings; name = en; path = en.lproj/Localizable.strings; sourceTree = "<group>"; };
		126B3EC2282E0F4D009BD28B /* ja */ = {isa = PBXFileReference; lastKnownFileType = text.plist.strings; name = ja; path = ja.lproj/Localizable.strings; sourceTree = "<group>"; };
		126B3ECF282E15E5009BD28B /* en */ = {isa = PBXFileReference; lastKnownFileType = text.plist.strings; name = en; path = en.lproj/InfoPlist.strings; sourceTree = "<group>"; };
		126B3ED1282E15E8009BD28B /* ja */ = {isa = PBXFileReference; lastKnownFileType = text.plist.strings; name = ja; path = ja.lproj/InfoPlist.strings; sourceTree = "<group>"; };
		126B3ED2282E1968009BD28B /* 🛠MenuButton.swift */ = {isa = PBXFileReference; lastKnownFileType = sourcecode.swift; path = "🛠MenuButton.swift"; sourceTree = "<group>"; };
		129CBDF7284C7F8B00C73F4D /* 🏷VersionMenu.swift */ = {isa = PBXFileReference; lastKnownFileType = sourcecode.swift; path = "🏷VersionMenu.swift"; sourceTree = "<group>"; };
		129CBDF9284C93D300C73F4D /* zh-Hant */ = {isa = PBXFileReference; lastKnownFileType = text.plist.strings; name = "zh-Hant"; path = "zh-Hant.lproj/InfoPlist.strings"; sourceTree = "<group>"; };
		129CBDFA284C93D300C73F4D /* zh-Hant */ = {isa = PBXFileReference; lastKnownFileType = text.plist.strings; name = "zh-Hant"; path = "zh-Hant.lproj/Localizable.strings"; sourceTree = "<group>"; };
		129CBDFD284C999000C73F4D /* zh-Hans */ = {isa = PBXFileReference; lastKnownFileType = text.plist.strings; name = "zh-Hans"; path = "zh-Hans.lproj/InfoPlist.strings"; sourceTree = "<group>"; };
		129CBDFE284C999000C73F4D /* zh-Hans */ = {isa = PBXFileReference; lastKnownFileType = text.plist.strings; name = "zh-Hans"; path = "zh-Hans.lproj/Localizable.strings"; sourceTree = "<group>"; };
		129CBDFF284C9C9300C73F4D /* ar */ = {isa = PBXFileReference; lastKnownFileType = text.plist.strings; name = ar; path = ar.lproj/InfoPlist.strings; sourceTree = "<group>"; };
		129CBE00284C9C9300C73F4D /* ar */ = {isa = PBXFileReference; lastKnownFileType = text.plist.strings; name = ar; path = ar.lproj/Localizable.strings; sourceTree = "<group>"; };
		129CBE01284C9CA600C73F4D /* de */ = {isa = PBXFileReference; lastKnownFileType = text.plist.strings; name = de; path = de.lproj/InfoPlist.strings; sourceTree = "<group>"; };
		129CBE02284C9CA600C73F4D /* de */ = {isa = PBXFileReference; lastKnownFileType = text.plist.strings; name = de; path = de.lproj/Localizable.strings; sourceTree = "<group>"; };
		129CBE03284C9CAC00C73F4D /* fr */ = {isa = PBXFileReference; lastKnownFileType = text.plist.strings; name = fr; path = fr.lproj/InfoPlist.strings; sourceTree = "<group>"; };
		129CBE04284C9CAC00C73F4D /* fr */ = {isa = PBXFileReference; lastKnownFileType = text.plist.strings; name = fr; path = fr.lproj/Localizable.strings; sourceTree = "<group>"; };
		129CBE05284C9CB800C73F4D /* id */ = {isa = PBXFileReference; lastKnownFileType = text.plist.strings; name = id; path = id.lproj/InfoPlist.strings; sourceTree = "<group>"; };
		129CBE06284C9CB800C73F4D /* id */ = {isa = PBXFileReference; lastKnownFileType = text.plist.strings; name = id; path = id.lproj/Localizable.strings; sourceTree = "<group>"; };
		129CBE07284C9CBE00C73F4D /* ko */ = {isa = PBXFileReference; lastKnownFileType = text.plist.strings; name = ko; path = ko.lproj/InfoPlist.strings; sourceTree = "<group>"; };
		129CBE08284C9CBE00C73F4D /* ko */ = {isa = PBXFileReference; lastKnownFileType = text.plist.strings; name = ko; path = ko.lproj/Localizable.strings; sourceTree = "<group>"; };
		129CBE09284C9CC700C73F4D /* ru */ = {isa = PBXFileReference; lastKnownFileType = text.plist.strings; name = ru; path = ru.lproj/InfoPlist.strings; sourceTree = "<group>"; };
		129CBE0A284C9CC700C73F4D /* ru */ = {isa = PBXFileReference; lastKnownFileType = text.plist.strings; name = ru; path = ru.lproj/Localizable.strings; sourceTree = "<group>"; };
		129CBE0B284C9D5200C73F4D /* pt-BR */ = {isa = PBXFileReference; lastKnownFileType = text.plist.strings; name = "pt-BR"; path = "pt-BR.lproj/InfoPlist.strings"; sourceTree = "<group>"; };
		129CBE0C284C9D5200C73F4D /* pt-BR */ = {isa = PBXFileReference; lastKnownFileType = text.plist.strings; name = "pt-BR"; path = "pt-BR.lproj/Localizable.strings"; sourceTree = "<group>"; };
		129CBE0D284C9D5800C73F4D /* pt-PT */ = {isa = PBXFileReference; lastKnownFileType = text.plist.strings; name = "pt-PT"; path = "pt-PT.lproj/InfoPlist.strings"; sourceTree = "<group>"; };
		129CBE0E284C9D5800C73F4D /* pt-PT */ = {isa = PBXFileReference; lastKnownFileType = text.plist.strings; name = "pt-PT"; path = "pt-PT.lproj/Localizable.strings"; sourceTree = "<group>"; };
		129CBE0F284C9D7600C73F4D /* es */ = {isa = PBXFileReference; lastKnownFileType = text.plist.strings; name = es; path = es.lproj/InfoPlist.strings; sourceTree = "<group>"; };
		129CBE10284C9D7600C73F4D /* es */ = {isa = PBXFileReference; lastKnownFileType = text.plist.strings; name = es; path = es.lproj/Localizable.strings; sourceTree = "<group>"; };
		129CBE11284C9D7C00C73F4D /* es-419 */ = {isa = PBXFileReference; lastKnownFileType = text.plist.strings; name = "es-419"; path = "es-419.lproj/InfoPlist.strings"; sourceTree = "<group>"; };
		129CBE12284C9D7C00C73F4D /* es-419 */ = {isa = PBXFileReference; lastKnownFileType = text.plist.strings; name = "es-419"; path = "es-419.lproj/Localizable.strings"; sourceTree = "<group>"; };
		12AA24FA284A393300199A64 /* 📋TextView.swift */ = {isa = PBXFileReference; lastKnownFileType = sourcecode.swift; path = "📋TextView.swift"; sourceTree = "<group>"; };
		12B694CC28360B73005F47B3 /* 💸AppName.swift */ = {isa = PBXFileReference; lastKnownFileType = sourcecode.swift; path = "💸AppName.swift"; sourceTree = "<group>"; };
		12BA83C428605235009E7E3F /* 💸AboutADView.swift */ = {isa = PBXFileReference; fileEncoding = 4; lastKnownFileType = sourcecode.swift; path = "💸AboutADView.swift"; sourceTree = "<group>"; };
		12BA83C72860525B009E7E3F /* 🏬PurchaseSection.swift */ = {isa = PBXFileReference; fileEncoding = 4; lastKnownFileType = sourcecode.swift; path = "🏬PurchaseSection.swift"; sourceTree = "<group>"; };
		12BA83C82860525B009E7E3F /* 🏬Store.swift */ = {isa = PBXFileReference; fileEncoding = 4; lastKnownFileType = sourcecode.swift; path = "🏬Store.swift"; sourceTree = "<group>"; };
		12BA83CB2860535A009E7E3F /* Configuration.storekit */ = {isa = PBXFileReference; fileEncoding = 4; lastKnownFileType = text; path = Configuration.storekit; sourceTree = "<group>"; };
		12BA83CD28606047009E7E3F /* StoreKit.framework */ = {isa = PBXFileReference; lastKnownFileType = wrapper.framework; name = StoreKit.framework; path = System/Library/Frameworks/StoreKit.framework; sourceTree = SDKROOT; };
		12F2F8A2284B703100C3A4BA /* 💸ADBanner.swift */ = {isa = PBXFileReference; lastKnownFileType = sourcecode.swift; path = "💸ADBanner.swift"; sourceTree = "<group>"; };
		12F2F8A6284B709A00C3A4BA /* 💸ADView.swift */ = {isa = PBXFileReference; lastKnownFileType = sourcecode.swift; path = "💸ADView.swift"; sourceTree = "<group>"; };
/* End PBXFileReference section */

/* Begin PBXFrameworksBuildPhase section */
		126B3EA4282DFEDF009BD28B /* Frameworks */ = {
			isa = PBXFrameworksBuildPhase;
			buildActionMask = 2147483647;
			files = (
				126B3EBB282E001E009BD28B /* HealthKit.framework in Frameworks */,
				12BA83CE28606047009E7E3F /* StoreKit.framework in Frameworks */,
			);
			runOnlyForDeploymentPostprocessing = 0;
		};
/* End PBXFrameworksBuildPhase section */

/* Begin PBXGroup section */
		120B2193284B6ABF007CA829 /* 💸AD */ = {
			isa = PBXGroup;
			children = (
				12BA83C428605235009E7E3F /* 💸AboutADView.swift */,
				12B694CC28360B73005F47B3 /* 💸AppName.swift */,
				12F2F8A6284B709A00C3A4BA /* 💸ADView.swift */,
				12F2F8A2284B703100C3A4BA /* 💸ADBanner.swift */,
			);
			path = "💸AD";
			sourceTree = "<group>";
		};
		12325789284C5E79002E0057 /* 🧩Sub */ = {
			isa = PBXGroup;
			children = (
				120B2191284B4E1E007CA829 /* 📏BodyMassUnit.swift */,
				12579D152835FE8900536547 /* 🗯ResultView.swift */,
				1232578A284C5EA2002E0057 /* 👆Stepper.swift */,
				120B4444284778FD00D491E4 /* 💟JumpButton.swift */,
				12BA83C628605241009E7E3F /* 🏬InAppPurchase */,
				120B2193284B6ABF007CA829 /* 💸AD */,
			);
			path = "🧩Sub";
			sourceTree = "<group>";
		};
		12428DC928485ECD006837F9 /* 📄Document */ = {
			isa = PBXGroup;
			children = (
				120B44462847796100D491E4 /* 📄DocumentMenu.swift */,
				129CBDF7284C7F8B00C73F4D /* 🏷VersionMenu.swift */,
				12428DCA28485F85006837F9 /* 📓SourceCodeMenu.swift */,
			);
			path = "📄Document";
			sourceTree = "<group>";
		};
		12428DCC2848608A006837F9 /* ⚙️Menu */ = {
			isa = PBXGroup;
			children = (
				126B3ED2282E1968009BD28B /* 🛠MenuButton.swift */,
				12630BC22849CD33005F922F /* 🛠MenuList.swift */,
				12630BC02849C63E005F922F /* 🧍HeightMenu.swift */,
				12428DCD284860D0006837F9 /* 🕒HistoryMenu.swift */,
				12AA24FA284A393300199A64 /* 📋TextView.swift */,
				12428DC928485ECD006837F9 /* 📄Document */,
			);
			path = "⚙️Menu";
			sourceTree = "<group>";
		};
		126B3E9E282DFEDF009BD28B = {
			isa = PBXGroup;
			children = (
				125AFEDA282F2B6E00E3BC4A /* README.md */,
				126B3EA9282DFEDF009BD28B /* TapWeight */,
				126B3EA8282DFEDF009BD28B /* Products */,
				126B3EB9282E001E009BD28B /* Frameworks */,
			);
			sourceTree = "<group>";
		};
		126B3EA8282DFEDF009BD28B /* Products */ = {
			isa = PBXGroup;
			children = (
				126B3EA7282DFEDF009BD28B /* TapWeight.app */,
			);
			name = Products;
			sourceTree = "<group>";
		};
		126B3EA9282DFEDF009BD28B /* TapWeight */ = {
			isa = PBXGroup;
			children = (
				126B3EAA282DFEDF009BD28B /* TapWeightApp.swift */,
				126B3EAC282DFEDF009BD28B /* ContentView.swift */,
				124C485E284863BA0085B066 /* 📱Model.swift */,
				12325789284C5E79002E0057 /* 🧩Sub */,
				12428DCC2848608A006837F9 /* ⚙️Menu */,
				129CBE13284CAD2D00C73F4D /* 🌏Localization */,
				126B3EAE282DFEE0009BD28B /* Assets.xcassets */,
				126B3EBC282E0159009BD28B /* Info.plist */,
				126B3EB8282E001E009BD28B /* TapWeight.entitlements */,
				126B3EB0282DFEE0009BD28B /* Preview Content */,
			);
			path = TapWeight;
			sourceTree = "<group>";
		};
		126B3EB0282DFEE0009BD28B /* Preview Content */ = {
			isa = PBXGroup;
			children = (
				126B3EB1282DFEE0009BD28B /* Preview Assets.xcassets */,
			);
			path = "Preview Content";
			sourceTree = "<group>";
		};
		126B3EB9282E001E009BD28B /* Frameworks */ = {
			isa = PBXGroup;
			children = (
				12BA83CD28606047009E7E3F /* StoreKit.framework */,
				126B3EBA282E001E009BD28B /* HealthKit.framework */,
			);
			name = Frameworks;
			sourceTree = "<group>";
		};
		129CBE13284CAD2D00C73F4D /* 🌏Localization */ = {
			isa = PBXGroup;
			children = (
				126B3ED0282E15E5009BD28B /* InfoPlist.strings */,
				126B3EC1282E0F45009BD28B /* Localizable.strings */,
			);
			path = "🌏Localization";
			sourceTree = "<group>";
		};
		12BA83C628605241009E7E3F /* 🏬InAppPurchase */ = {
			isa = PBXGroup;
			children = (
				12BA83C72860525B009E7E3F /* 🏬PurchaseSection.swift */,
				12BA83C82860525B009E7E3F /* 🏬Store.swift */,
				12BA83CB2860535A009E7E3F /* Configuration.storekit */,
			);
			path = "🏬InAppPurchase";
			sourceTree = "<group>";
		};
/* End PBXGroup section */

/* Begin PBXNativeTarget section */
		126B3EA6282DFEDF009BD28B /* TapWeight */ = {
			isa = PBXNativeTarget;
			buildConfigurationList = 126B3EB5282DFEE0009BD28B /* Build configuration list for PBXNativeTarget "TapWeight" */;
			buildPhases = (
				126B3EA3282DFEDF009BD28B /* Sources */,
				126B3EA4282DFEDF009BD28B /* Frameworks */,
				126B3EA5282DFEDF009BD28B /* Resources */,
				126B3ED4282E20ED009BD28B /* CopyFiles */,
				129CBE15284CCF8900C73F4D /* CopyFiles */,
				129CBE1B284CD01200C73F4D /* CopyFiles */,
				129CBE25284CD03A00C73F4D /* CopyFiles */,
			);
			buildRules = (
			);
			dependencies = (
			);
			name = TapWeight;
			productName = TapWeight;
			productReference = 126B3EA7282DFEDF009BD28B /* TapWeight.app */;
			productType = "com.apple.product-type.application";
		};
/* End PBXNativeTarget section */

/* Begin PBXProject section */
		126B3E9F282DFEDF009BD28B /* Project object */ = {
			isa = PBXProject;
			attributes = {
				BuildIndependentTargetsInParallel = 1;
				LastSwiftUpdateCheck = 1330;
				LastUpgradeCheck = 1340;
				TargetAttributes = {
					126B3EA6282DFEDF009BD28B = {
						CreatedOnToolsVersion = 13.3;
					};
				};
			};
			buildConfigurationList = 126B3EA2282DFEDF009BD28B /* Build configuration list for PBXProject "TapWeight" */;
			compatibilityVersion = "Xcode 13.0";
			developmentRegion = en;
			hasScannedForEncodings = 0;
			knownRegions = (
				en,
				Base,
				ja,
				"zh-Hant",
				"zh-Hans",
				ar,
				de,
				fr,
				id,
				ko,
				ru,
				"pt-BR",
				"pt-PT",
				es,
				"es-419",
			);
			mainGroup = 126B3E9E282DFEDF009BD28B;
			productRefGroup = 126B3EA8282DFEDF009BD28B /* Products */;
			projectDirPath = "";
			projectRoot = "";
			targets = (
				126B3EA6282DFEDF009BD28B /* TapWeight */,
			);
		};
/* End PBXProject section */

/* Begin PBXResourcesBuildPhase section */
		126B3EA5282DFEDF009BD28B /* Resources */ = {
			isa = PBXResourcesBuildPhase;
			buildActionMask = 2147483647;
			files = (
				126B3EB2282DFEE0009BD28B /* Preview Assets.xcassets in Resources */,
				12BA83CC2860535A009E7E3F /* Configuration.storekit in Resources */,
				126B3ECE282E15E5009BD28B /* InfoPlist.strings in Resources */,
				126B3EBF282E0F45009BD28B /* Localizable.strings in Resources */,
				126B3EAF282DFEE0009BD28B /* Assets.xcassets in Resources */,
			);
			runOnlyForDeploymentPostprocessing = 0;
		};
/* End PBXResourcesBuildPhase section */

/* Begin PBXSourcesBuildPhase section */
		126B3EA3282DFEDF009BD28B /* Sources */ = {
			isa = PBXSourcesBuildPhase;
			buildActionMask = 2147483647;
			files = (
				12F2F8A7284B709A00C3A4BA /* 💸ADView.swift in Sources */,
				12BA83CA2860525B009E7E3F /* 🏬Store.swift in Sources */,
				12428DCB28485F85006837F9 /* 📓SourceCodeMenu.swift in Sources */,
				126B3EAD282DFEDF009BD28B /* ContentView.swift in Sources */,
				12BA83C92860525B009E7E3F /* 🏬PurchaseSection.swift in Sources */,
				12BA83C528605235009E7E3F /* 💸AboutADView.swift in Sources */,
				1232578B284C5EA2002E0057 /* 👆Stepper.swift in Sources */,
				12630BC12849C63E005F922F /* 🧍HeightMenu.swift in Sources */,
				126B3ED3282E1968009BD28B /* 🛠MenuButton.swift in Sources */,
				12AA24FB284A393300199A64 /* 📋TextView.swift in Sources */,
				12428DCE284860D0006837F9 /* 🕒HistoryMenu.swift in Sources */,
				12B694CD28360B73005F47B3 /* 💸AppName.swift in Sources */,
				12F2F8A3284B703100C3A4BA /* 💸ADBanner.swift in Sources */,
				124C485F284863BA0085B066 /* 📱Model.swift in Sources */,
				120B4445284778FD00D491E4 /* 💟JumpButton.swift in Sources */,
				12579D162835FE8900536547 /* 🗯ResultView.swift in Sources */,
				120B44472847796100D491E4 /* 📄DocumentMenu.swift in Sources */,
				12630BC32849CD33005F922F /* 🛠MenuList.swift in Sources */,
				126B3EAB282DFEDF009BD28B /* TapWeightApp.swift in Sources */,
				120B2192284B4E1E007CA829 /* 📏BodyMassUnit.swift in Sources */,
				129CBDF8284C7F8B00C73F4D /* 🏷VersionMenu.swift in Sources */,
			);
			runOnlyForDeploymentPostprocessing = 0;
		};
/* End PBXSourcesBuildPhase section */

/* Begin PBXVariantGroup section */
		126B3EC1282E0F45009BD28B /* Localizable.strings */ = {
			isa = PBXVariantGroup;
			children = (
				126B3EC0282E0F45009BD28B /* en */,
				126B3EC2282E0F4D009BD28B /* ja */,
				129CBDFA284C93D300C73F4D /* zh-Hant */,
				129CBDFE284C999000C73F4D /* zh-Hans */,
				129CBE00284C9C9300C73F4D /* ar */,
				129CBE02284C9CA600C73F4D /* de */,
				129CBE04284C9CAC00C73F4D /* fr */,
				129CBE06284C9CB800C73F4D /* id */,
				129CBE08284C9CBE00C73F4D /* ko */,
				129CBE0A284C9CC700C73F4D /* ru */,
				129CBE0C284C9D5200C73F4D /* pt-BR */,
				129CBE0E284C9D5800C73F4D /* pt-PT */,
				129CBE10284C9D7600C73F4D /* es */,
				129CBE12284C9D7C00C73F4D /* es-419 */,
			);
			name = Localizable.strings;
			sourceTree = "<group>";
		};
		126B3ED0282E15E5009BD28B /* InfoPlist.strings */ = {
			isa = PBXVariantGroup;
			children = (
				126B3ECF282E15E5009BD28B /* en */,
				126B3ED1282E15E8009BD28B /* ja */,
				129CBDF9284C93D300C73F4D /* zh-Hant */,
				129CBDFD284C999000C73F4D /* zh-Hans */,
				129CBDFF284C9C9300C73F4D /* ar */,
				129CBE01284C9CA600C73F4D /* de */,
				129CBE03284C9CAC00C73F4D /* fr */,
				129CBE05284C9CB800C73F4D /* id */,
				129CBE07284C9CBE00C73F4D /* ko */,
				129CBE09284C9CC700C73F4D /* ru */,
				129CBE0B284C9D5200C73F4D /* pt-BR */,
				129CBE0D284C9D5800C73F4D /* pt-PT */,
				129CBE0F284C9D7600C73F4D /* es */,
				129CBE11284C9D7C00C73F4D /* es-419 */,
			);
			name = InfoPlist.strings;
			sourceTree = "<group>";
		};
/* End PBXVariantGroup section */

/* Begin XCBuildConfiguration section */
		126B3EB3282DFEE0009BD28B /* Debug */ = {
			isa = XCBuildConfiguration;
			buildSettings = {
				ALWAYS_SEARCH_USER_PATHS = NO;
				CLANG_ANALYZER_LOCALIZABILITY_NONLOCALIZED = YES;
				CLANG_ANALYZER_NONNULL = YES;
				CLANG_ANALYZER_NUMBER_OBJECT_CONVERSION = YES_AGGRESSIVE;
				CLANG_CXX_LANGUAGE_STANDARD = "gnu++17";
				CLANG_ENABLE_MODULES = YES;
				CLANG_ENABLE_OBJC_ARC = YES;
				CLANG_ENABLE_OBJC_WEAK = YES;
				CLANG_WARN_BLOCK_CAPTURE_AUTORELEASING = YES;
				CLANG_WARN_BOOL_CONVERSION = YES;
				CLANG_WARN_COMMA = YES;
				CLANG_WARN_CONSTANT_CONVERSION = YES;
				CLANG_WARN_DEPRECATED_OBJC_IMPLEMENTATIONS = YES;
				CLANG_WARN_DIRECT_OBJC_ISA_USAGE = YES_ERROR;
				CLANG_WARN_DOCUMENTATION_COMMENTS = YES;
				CLANG_WARN_EMPTY_BODY = YES;
				CLANG_WARN_ENUM_CONVERSION = YES;
				CLANG_WARN_INFINITE_RECURSION = YES;
				CLANG_WARN_INT_CONVERSION = YES;
				CLANG_WARN_NON_LITERAL_NULL_CONVERSION = YES;
				CLANG_WARN_OBJC_IMPLICIT_RETAIN_SELF = YES;
				CLANG_WARN_OBJC_LITERAL_CONVERSION = YES;
				CLANG_WARN_OBJC_ROOT_CLASS = YES_ERROR;
				CLANG_WARN_QUOTED_INCLUDE_IN_FRAMEWORK_HEADER = YES;
				CLANG_WARN_RANGE_LOOP_ANALYSIS = YES;
				CLANG_WARN_STRICT_PROTOTYPES = YES;
				CLANG_WARN_SUSPICIOUS_MOVE = YES;
				CLANG_WARN_UNGUARDED_AVAILABILITY = YES_AGGRESSIVE;
				CLANG_WARN_UNREACHABLE_CODE = YES;
				CLANG_WARN__DUPLICATE_METHOD_MATCH = YES;
				COPY_PHASE_STRIP = NO;
				DEBUG_INFORMATION_FORMAT = dwarf;
				ENABLE_STRICT_OBJC_MSGSEND = YES;
				ENABLE_TESTABILITY = YES;
				GCC_C_LANGUAGE_STANDARD = gnu11;
				GCC_DYNAMIC_NO_PIC = NO;
				GCC_NO_COMMON_BLOCKS = YES;
				GCC_OPTIMIZATION_LEVEL = 0;
				GCC_PREPROCESSOR_DEFINITIONS = (
					"DEBUG=1",
					"$(inherited)",
				);
				GCC_WARN_64_TO_32_BIT_CONVERSION = YES;
				GCC_WARN_ABOUT_RETURN_TYPE = YES_ERROR;
				GCC_WARN_UNDECLARED_SELECTOR = YES;
				GCC_WARN_UNINITIALIZED_AUTOS = YES_AGGRESSIVE;
				GCC_WARN_UNUSED_FUNCTION = YES;
				GCC_WARN_UNUSED_VARIABLE = YES;
				IPHONEOS_DEPLOYMENT_TARGET = 15.0;
				MTL_ENABLE_DEBUG_INFO = INCLUDE_SOURCE;
				MTL_FAST_MATH = YES;
				ONLY_ACTIVE_ARCH = YES;
				SDKROOT = iphoneos;
				SWIFT_ACTIVE_COMPILATION_CONDITIONS = DEBUG;
				SWIFT_OPTIMIZATION_LEVEL = "-Onone";
			};
			name = Debug;
		};
		126B3EB4282DFEE0009BD28B /* Release */ = {
			isa = XCBuildConfiguration;
			buildSettings = {
				ALWAYS_SEARCH_USER_PATHS = NO;
				CLANG_ANALYZER_LOCALIZABILITY_NONLOCALIZED = YES;
				CLANG_ANALYZER_NONNULL = YES;
				CLANG_ANALYZER_NUMBER_OBJECT_CONVERSION = YES_AGGRESSIVE;
				CLANG_CXX_LANGUAGE_STANDARD = "gnu++17";
				CLANG_ENABLE_MODULES = YES;
				CLANG_ENABLE_OBJC_ARC = YES;
				CLANG_ENABLE_OBJC_WEAK = YES;
				CLANG_WARN_BLOCK_CAPTURE_AUTORELEASING = YES;
				CLANG_WARN_BOOL_CONVERSION = YES;
				CLANG_WARN_COMMA = YES;
				CLANG_WARN_CONSTANT_CONVERSION = YES;
				CLANG_WARN_DEPRECATED_OBJC_IMPLEMENTATIONS = YES;
				CLANG_WARN_DIRECT_OBJC_ISA_USAGE = YES_ERROR;
				CLANG_WARN_DOCUMENTATION_COMMENTS = YES;
				CLANG_WARN_EMPTY_BODY = YES;
				CLANG_WARN_ENUM_CONVERSION = YES;
				CLANG_WARN_INFINITE_RECURSION = YES;
				CLANG_WARN_INT_CONVERSION = YES;
				CLANG_WARN_NON_LITERAL_NULL_CONVERSION = YES;
				CLANG_WARN_OBJC_IMPLICIT_RETAIN_SELF = YES;
				CLANG_WARN_OBJC_LITERAL_CONVERSION = YES;
				CLANG_WARN_OBJC_ROOT_CLASS = YES_ERROR;
				CLANG_WARN_QUOTED_INCLUDE_IN_FRAMEWORK_HEADER = YES;
				CLANG_WARN_RANGE_LOOP_ANALYSIS = YES;
				CLANG_WARN_STRICT_PROTOTYPES = YES;
				CLANG_WARN_SUSPICIOUS_MOVE = YES;
				CLANG_WARN_UNGUARDED_AVAILABILITY = YES_AGGRESSIVE;
				CLANG_WARN_UNREACHABLE_CODE = YES;
				CLANG_WARN__DUPLICATE_METHOD_MATCH = YES;
				COPY_PHASE_STRIP = NO;
				DEBUG_INFORMATION_FORMAT = "dwarf-with-dsym";
				ENABLE_NS_ASSERTIONS = NO;
				ENABLE_STRICT_OBJC_MSGSEND = YES;
				GCC_C_LANGUAGE_STANDARD = gnu11;
				GCC_NO_COMMON_BLOCKS = YES;
				GCC_WARN_64_TO_32_BIT_CONVERSION = YES;
				GCC_WARN_ABOUT_RETURN_TYPE = YES_ERROR;
				GCC_WARN_UNDECLARED_SELECTOR = YES;
				GCC_WARN_UNINITIALIZED_AUTOS = YES_AGGRESSIVE;
				GCC_WARN_UNUSED_FUNCTION = YES;
				GCC_WARN_UNUSED_VARIABLE = YES;
				IPHONEOS_DEPLOYMENT_TARGET = 15.0;
				MTL_ENABLE_DEBUG_INFO = NO;
				MTL_FAST_MATH = YES;
				SDKROOT = iphoneos;
				SWIFT_COMPILATION_MODE = wholemodule;
				SWIFT_OPTIMIZATION_LEVEL = "-O";
				VALIDATE_PRODUCT = YES;
			};
			name = Release;
		};
		126B3EB6282DFEE0009BD28B /* Debug */ = {
			isa = XCBuildConfiguration;
			buildSettings = {
				ASSETCATALOG_COMPILER_APPICON_NAME = AppIcon;
				ASSETCATALOG_COMPILER_GLOBAL_ACCENT_COLOR_NAME = AccentColor;
				CODE_SIGN_ENTITLEMENTS = TapWeight/TapWeight.entitlements;
				CODE_SIGN_STYLE = Automatic;
				CURRENT_PROJECT_VERSION = 1;
				DEVELOPMENT_ASSET_PATHS = "\"TapWeight/Preview Content\"";
				DEVELOPMENT_TEAM = 6696GEY228;
				ENABLE_PREVIEWS = YES;
				GENERATE_INFOPLIST_FILE = YES;
				INFOPLIST_FILE = TapWeight/Info.plist;
				INFOPLIST_KEY_NSHealthShareUsageDescription = "Activate HeakthKit permission to record data.";
				INFOPLIST_KEY_NSHealthUpdateUsageDescription = "Activate HeakthKit permission to record data.";
				INFOPLIST_KEY_UIApplicationSceneManifest_Generation = YES;
				INFOPLIST_KEY_UIApplicationSupportsIndirectInputEvents = YES;
				INFOPLIST_KEY_UISupportedInterfaceOrientations_iPad = "UIInterfaceOrientationPortrait UIInterfaceOrientationPortraitUpsideDown UIInterfaceOrientationLandscapeLeft UIInterfaceOrientationLandscapeRight";
				INFOPLIST_KEY_UISupportedInterfaceOrientations_iPhone = UIInterfaceOrientationPortrait;
				LD_RUNPATH_SEARCH_PATHS = (
					"$(inherited)",
					"@executable_path/Frameworks",
				);
				MARKETING_VERSION = 1.1.1;
				PRODUCT_BUNDLE_IDENTIFIER = net.aaaakkkkssssttttnnnn.TapWeight;
				PRODUCT_NAME = "$(TARGET_NAME)";
				SWIFT_EMIT_LOC_STRINGS = YES;
				SWIFT_VERSION = 5.0;
				TARGETED_DEVICE_FAMILY = 1;
			};
			name = Debug;
		};
		126B3EB7282DFEE0009BD28B /* Release */ = {
			isa = XCBuildConfiguration;
			buildSettings = {
				ASSETCATALOG_COMPILER_APPICON_NAME = AppIcon;
				ASSETCATALOG_COMPILER_GLOBAL_ACCENT_COLOR_NAME = AccentColor;
				CODE_SIGN_ENTITLEMENTS = TapWeight/TapWeight.entitlements;
				CODE_SIGN_STYLE = Automatic;
				CURRENT_PROJECT_VERSION = 1;
				DEVELOPMENT_ASSET_PATHS = "\"TapWeight/Preview Content\"";
				DEVELOPMENT_TEAM = 6696GEY228;
				ENABLE_PREVIEWS = YES;
				GENERATE_INFOPLIST_FILE = YES;
				INFOPLIST_FILE = TapWeight/Info.plist;
				INFOPLIST_KEY_NSHealthShareUsageDescription = "Activate HeakthKit permission to record data.";
				INFOPLIST_KEY_NSHealthUpdateUsageDescription = "Activate HeakthKit permission to record data.";
				INFOPLIST_KEY_UIApplicationSceneManifest_Generation = YES;
				INFOPLIST_KEY_UIApplicationSupportsIndirectInputEvents = YES;
				INFOPLIST_KEY_UISupportedInterfaceOrientations_iPad = "UIInterfaceOrientationPortrait UIInterfaceOrientationPortraitUpsideDown UIInterfaceOrientationLandscapeLeft UIInterfaceOrientationLandscapeRight";
				INFOPLIST_KEY_UISupportedInterfaceOrientations_iPhone = UIInterfaceOrientationPortrait;
				LD_RUNPATH_SEARCH_PATHS = (
					"$(inherited)",
					"@executable_path/Frameworks",
				);
				MARKETING_VERSION = 1.1.1;
				PRODUCT_BUNDLE_IDENTIFIER = net.aaaakkkkssssttttnnnn.TapWeight;
				PRODUCT_NAME = "$(TARGET_NAME)";
				SWIFT_EMIT_LOC_STRINGS = YES;
				SWIFT_VERSION = 5.0;
				TARGETED_DEVICE_FAMILY = 1;
			};
			name = Release;
		};
/* End XCBuildConfiguration section */

/* Begin XCConfigurationList section */
		126B3EA2282DFEDF009BD28B /* Build configuration list for PBXProject "TapWeight" */ = {
			isa = XCConfigurationList;
			buildConfigurations = (
				126B3EB3282DFEE0009BD28B /* Debug */,
				126B3EB4282DFEE0009BD28B /* Release */,
			);
			defaultConfigurationIsVisible = 0;
			defaultConfigurationName = Release;
		};
		126B3EB5282DFEE0009BD28B /* Build configuration list for PBXNativeTarget "TapWeight" */ = {
			isa = XCConfigurationList;
			buildConfigurations = (
				126B3EB6282DFEE0009BD28B /* Debug */,
				126B3EB7282DFEE0009BD28B /* Release */,
			);
			defaultConfigurationIsVisible = 0;
			defaultConfigurationName = Release;
		};
/* End XCConfigurationList section */
	};
	rootObject = 126B3E9F282DFEDF009BD28B /* Project object */;
}
